
Microsoft Visual Studio Solution File, Format Version 12.00
# Visual Studio 14
VisualStudioVersion = 14.0.25123.0
MinimumVisualStudioVersion = 10.0.40219.1
Project("{FAE04EC0-301F-11D3-BF4B-00C04F79EFBC}") = "XrmToolBox", "XrmToolBox\XrmToolBox.csproj", "{328D55BE-8B9A-4087-A5C2-9FBAF623F54B}"
EndProject
Project("{2150E333-8FDC-42A3-9474-1A3956D46DE8}") = "Plugins", "Plugins", "{1A7814D2-1185-484E-92CC-7DD71DDE6488}"
EndProject
Project("{2150E333-8FDC-42A3-9474-1A3956D46DE8}") = "Referenced Assemblies", "Referenced Assemblies", "{000015F3-36AB-4D7F-A281-DB88FBCE71EA}"
	ProjectSection(SolutionItems) = preProject
		Referenced Assemblies\Microsoft.Crm.Sdk.Proxy.dll = Referenced Assemblies\Microsoft.Crm.Sdk.Proxy.dll
		Referenced Assemblies\Microsoft.IdentityModel.Clients.ActiveDirectory.dll = Referenced Assemblies\Microsoft.IdentityModel.Clients.ActiveDirectory.dll
		Referenced Assemblies\Microsoft.IdentityModel.Clients.ActiveDirectory.WindowsForms.dll = Referenced Assemblies\Microsoft.IdentityModel.Clients.ActiveDirectory.WindowsForms.dll
		Referenced Assemblies\Microsoft.Xrm.Client.dll = Referenced Assemblies\Microsoft.Xrm.Client.dll
		Referenced Assemblies\Microsoft.Xrm.Sdk.Deployment.dll = Referenced Assemblies\Microsoft.Xrm.Sdk.Deployment.dll
		Referenced Assemblies\Microsoft.Xrm.Sdk.dll = Referenced Assemblies\Microsoft.Xrm.Sdk.dll
		Referenced Assemblies\Microsoft.Xrm.Tooling.Connector.dll = Referenced Assemblies\Microsoft.Xrm.Tooling.Connector.dll
		Referenced Assemblies\Microsoft.Xrm.Tooling.CrmConnectControl.dll = Referenced Assemblies\Microsoft.Xrm.Tooling.CrmConnectControl.dll
	EndProjectSection
EndProject
Project("{FAE04EC0-301F-11D3-BF4B-00C04F79EFBC}") = "DamSim.ViewTransferTool", "Plugins\DamSim.ViewTransferTool\DamSim.ViewTransferTool.csproj", "{09F88D1C-F1E1-484A-BDA9-B76FEB0B6B91}"
EndProject
Project("{FAE04EC0-301F-11D3-BF4B-00C04F79EFBC}") = "MsCrmTools.AttributeBulkUpdater", "Plugins\MsCrmTools.AttributeBulkUpdater\MsCrmTools.AttributeBulkUpdater.csproj", "{693DDB30-8E8E-43E9-AE13-EE2010F46C96}"
EndProject
Project("{FAE04EC0-301F-11D3-BF4B-00C04F79EFBC}") = "MsCrmTools.AuditCenter", "Plugins\MsCrmTools.AuditCenter\MsCrmTools.AuditCenter.csproj", "{B5C2C54B-804E-403E-80B1-97A1564CAE84}"
EndProject
Project("{FAE04EC0-301F-11D3-BF4B-00C04F79EFBC}") = "MsCrmTools.FetchXmlTester", "Plugins\MsCrmTools.FetchXmlTester\MsCrmTools.FetchXmlTester.csproj", "{1DB58FD6-CCF8-458F-9941-312CDFB45EFA}"
EndProject
Project("{FAE04EC0-301F-11D3-BF4B-00C04F79EFBC}") = "MsCrmTools.Iconator", "Plugins\MsCrmTools.Iconator\MsCrmTools.Iconator.csproj", "{A2A4C130-454A-4F40-9B06-8CD77CC557D6}"
EndProject
Project("{FAE04EC0-301F-11D3-BF4B-00C04F79EFBC}") = "MsCrmTools.MetadataDocumentGenerator", "Plugins\MsCrmTools.MetadataDocumentGenerator\MsCrmTools.MetadataDocumentGenerator.csproj", "{AEB54313-C622-49F4-8D9A-2D75BFA54901}"
EndProject
Project("{FAE04EC0-301F-11D3-BF4B-00C04F79EFBC}") = "MsCrmTools.SampleTool", "Plugins\MsCrmTools.SampleTool\MsCrmTools.SampleTool.csproj", "{5BF1E228-F898-40CF-B8FB-8412D8C81CFF}"
EndProject
Project("{FAE04EC0-301F-11D3-BF4B-00C04F79EFBC}") = "MsCrmTools.ScriptsFinder", "Plugins\MsCrmTools.ScriptsFinder\MsCrmTools.ScriptsFinder.csproj", "{838CD437-FEC6-478F-A5CB-8DA6E60E70C9}"
EndProject
Project("{FAE04EC0-301F-11D3-BF4B-00C04F79EFBC}") = "MsCrmTools.SolutionImport", "Plugins\MsCrmTools.SolutionImport\MsCrmTools.SolutionImport.csproj", "{33322CD9-27B3-4C2F-BFC4-D44EEFE8A976}"
EndProject
Project("{FAE04EC0-301F-11D3-BF4B-00C04F79EFBC}") = "MsCrmTools.SiteMapEditor", "Plugins\MsCrmTools.SiteMapEditor\MsCrmTools.SiteMapEditor.csproj", "{5DD2E91B-6431-4391-AC45-205BD1B67818}"
EndProject
Project("{FAE04EC0-301F-11D3-BF4B-00C04F79EFBC}") = "MscrmTools.SyncFilterManager", "Plugins\MscrmTools.SyncFilterManager\MscrmTools.SyncFilterManager.csproj", "{31D65FA3-20B7-41FC-89AA-F9EC30D5E574}"
EndProject
Project("{FAE04EC0-301F-11D3-BF4B-00C04F79EFBC}") = "MsCrmTools.SynchronousEventOrderEditor", "Plugins\MsCrmTools.SynchronousEventOrderEditor\MsCrmTools.SynchronousEventOrderEditor.csproj", "{CD1363CD-1C8E-4EF8-A51A-1A9AC54EC0A4}"
EndProject
Project("{FAE04EC0-301F-11D3-BF4B-00C04F79EFBC}") = "MsCrmTools.Translator", "Plugins\MsCrmTools.Translator\MsCrmTools.Translator.csproj", "{E8A13109-B078-407A-9F6C-3711672770E2}"
EndProject
Project("{FAE04EC0-301F-11D3-BF4B-00C04F79EFBC}") = "MsCrmTools.ViewLayoutReplicator", "Plugins\MsCrmTools.ViewLayoutReplicator\MsCrmTools.ViewLayoutReplicator.csproj", "{4C976A6C-F6A2-4E58-B52C-5CF701C97E50}"
EndProject
Project("{FAE04EC0-301F-11D3-BF4B-00C04F79EFBC}") = "MsCrmTools.UserSettingsUtility", "Plugins\MsCrmTools.UserSettingsUtility\MsCrmTools.UserSettingsUtility.csproj", "{A217441C-677F-43C3-8BD8-FD27586E82AC}"
EndProject
Project("{FAE04EC0-301F-11D3-BF4B-00C04F79EFBC}") = "MsCrmTools.MetadataBrowser", "Plugins\MsCrmTools.MetadataBrowser\MsCrmTools.MetadataBrowser.csproj", "{236F1329-C748-4C01-948B-98AE9EA89086}"
EndProject
Project("{FAE04EC0-301F-11D3-BF4B-00C04F79EFBC}") = "MsCrmTools.FlsBulkUpdater", "Plugins\MsCrmTools.FlsBulkUpdater\MsCrmTools.FlsBulkUpdater.csproj", "{5244E9BE-820A-4613-8ACC-ADC858B83C26}"
EndProject
Project("{FAE04EC0-301F-11D3-BF4B-00C04F79EFBC}") = "XrmToolBox.Extensibility", "XrmToolBox.Extensibility\XrmToolBox.Extensibility.csproj", "{DF77AEA3-43F7-403C-91AF-3023A3BB06EC}"
EndProject
Project("{FAE04EC0-301F-11D3-BF4B-00C04F79EFBC}") = "MsCrmTools.FormRelated", "Plugins\MsCrmTools.FormRelated\MsCrmTools.FormRelated.csproj", "{28F6D950-BC28-4067-98AF-5D6AE70E90A7}"
EndProject
Project("{FAE04EC0-301F-11D3-BF4B-00C04F79EFBC}") = "MsCrmTools.SecurityRelated", "Plugins\MsCrmTools.SecurityRelated\MsCrmTools.SecurityRelated.csproj", "{ACC1243E-912B-45E7-A8B0-E312EE9141DD}"
EndProject
Project("{FAE04EC0-301F-11D3-BF4B-00C04F79EFBC}") = "GapConsulting.PowerBIOptionSetAssistant", "Plugins\GapConsulting.PowerBIOptionSetAssistant\GapConsulting.PowerBIOptionSetAssistant.csproj", "{4ED8E9F8-52DF-433F-834C-D43A44EC6C89}"
EndProject
Project("{FAE04EC0-301F-11D3-BF4B-00C04F79EFBC}") = "MsCrmTools.ChartManager", "Plugins\MsCrmTools.ChartManager\MsCrmTools.ChartManager.csproj", "{DE964006-6E7B-4FA8-9D04-07B2E1819774}"
EndProject
Project("{FAE04EC0-301F-11D3-BF4B-00C04F79EFBC}") = "XrmToolBox.AutoUpdater", "XrmToolBox.AutoUpdater\XrmToolBox.AutoUpdater.csproj", "{564C72C8-586E-4218-B6B3-F464F7C3903A}"
EndProject
Global
	GlobalSection(SolutionConfigurationPlatforms) = preSolution
		Debug|Any CPU = Debug|Any CPU
		Debug|Mixed Platforms = Debug|Mixed Platforms
		Debug|x86 = Debug|x86
		Release|Any CPU = Release|Any CPU
		Release|Mixed Platforms = Release|Mixed Platforms
		Release|x86 = Release|x86
	EndGlobalSection
	GlobalSection(ProjectConfigurationPlatforms) = postSolution
		{328D55BE-8B9A-4087-A5C2-9FBAF623F54B}.Debug|Any CPU.ActiveCfg = Debug|Any CPU
		{328D55BE-8B9A-4087-A5C2-9FBAF623F54B}.Debug|Mixed Platforms.ActiveCfg = Debug|Any CPU
		{328D55BE-8B9A-4087-A5C2-9FBAF623F54B}.Debug|Mixed Platforms.Build.0 = Debug|Any CPU
		{328D55BE-8B9A-4087-A5C2-9FBAF623F54B}.Debug|x86.ActiveCfg = Debug|Any CPU
		{328D55BE-8B9A-4087-A5C2-9FBAF623F54B}.Release|Any CPU.ActiveCfg = Release|Any CPU
		{328D55BE-8B9A-4087-A5C2-9FBAF623F54B}.Release|Any CPU.Build.0 = Release|Any CPU
		{328D55BE-8B9A-4087-A5C2-9FBAF623F54B}.Release|Mixed Platforms.ActiveCfg = Release|Any CPU
		{328D55BE-8B9A-4087-A5C2-9FBAF623F54B}.Release|Mixed Platforms.Build.0 = Release|Any CPU
		{328D55BE-8B9A-4087-A5C2-9FBAF623F54B}.Release|x86.ActiveCfg = Release|Any CPU
		{09F88D1C-F1E1-484A-BDA9-B76FEB0B6B91}.Debug|Any CPU.ActiveCfg = Debug|Any CPU
		{09F88D1C-F1E1-484A-BDA9-B76FEB0B6B91}.Debug|Any CPU.Build.0 = Debug|Any CPU
		{09F88D1C-F1E1-484A-BDA9-B76FEB0B6B91}.Debug|Mixed Platforms.ActiveCfg = Debug|Any CPU
		{09F88D1C-F1E1-484A-BDA9-B76FEB0B6B91}.Debug|Mixed Platforms.Build.0 = Debug|Any CPU
		{09F88D1C-F1E1-484A-BDA9-B76FEB0B6B91}.Debug|x86.ActiveCfg = Debug|Any CPU
		{09F88D1C-F1E1-484A-BDA9-B76FEB0B6B91}.Release|Any CPU.ActiveCfg = Release|Any CPU
		{09F88D1C-F1E1-484A-BDA9-B76FEB0B6B91}.Release|Any CPU.Build.0 = Release|Any CPU
		{09F88D1C-F1E1-484A-BDA9-B76FEB0B6B91}.Release|Mixed Platforms.ActiveCfg = Release|Any CPU
		{09F88D1C-F1E1-484A-BDA9-B76FEB0B6B91}.Release|Mixed Platforms.Build.0 = Release|Any CPU
		{09F88D1C-F1E1-484A-BDA9-B76FEB0B6B91}.Release|x86.ActiveCfg = Release|Any CPU
		{693DDB30-8E8E-43E9-AE13-EE2010F46C96}.Debug|Any CPU.ActiveCfg = Debug|Any CPU
		{693DDB30-8E8E-43E9-AE13-EE2010F46C96}.Debug|Any CPU.Build.0 = Debug|Any CPU
		{693DDB30-8E8E-43E9-AE13-EE2010F46C96}.Debug|Mixed Platforms.ActiveCfg = Debug|Any CPU
		{693DDB30-8E8E-43E9-AE13-EE2010F46C96}.Debug|Mixed Platforms.Build.0 = Debug|Any CPU
		{693DDB30-8E8E-43E9-AE13-EE2010F46C96}.Debug|x86.ActiveCfg = Debug|Any CPU
		{693DDB30-8E8E-43E9-AE13-EE2010F46C96}.Release|Any CPU.ActiveCfg = Release|Any CPU
		{693DDB30-8E8E-43E9-AE13-EE2010F46C96}.Release|Any CPU.Build.0 = Release|Any CPU
		{693DDB30-8E8E-43E9-AE13-EE2010F46C96}.Release|Mixed Platforms.ActiveCfg = Release|Any CPU
		{693DDB30-8E8E-43E9-AE13-EE2010F46C96}.Release|Mixed Platforms.Build.0 = Release|Any CPU
		{693DDB30-8E8E-43E9-AE13-EE2010F46C96}.Release|x86.ActiveCfg = Release|Any CPU
		{B5C2C54B-804E-403E-80B1-97A1564CAE84}.Debug|Any CPU.ActiveCfg = Debug|Any CPU
		{B5C2C54B-804E-403E-80B1-97A1564CAE84}.Debug|Any CPU.Build.0 = Debug|Any CPU
		{B5C2C54B-804E-403E-80B1-97A1564CAE84}.Debug|Mixed Platforms.ActiveCfg = Debug|Any CPU
		{B5C2C54B-804E-403E-80B1-97A1564CAE84}.Debug|Mixed Platforms.Build.0 = Debug|Any CPU
		{B5C2C54B-804E-403E-80B1-97A1564CAE84}.Debug|x86.ActiveCfg = Debug|Any CPU
		{B5C2C54B-804E-403E-80B1-97A1564CAE84}.Release|Any CPU.ActiveCfg = Release|Any CPU
		{B5C2C54B-804E-403E-80B1-97A1564CAE84}.Release|Any CPU.Build.0 = Release|Any CPU
		{B5C2C54B-804E-403E-80B1-97A1564CAE84}.Release|Mixed Platforms.ActiveCfg = Release|Any CPU
		{B5C2C54B-804E-403E-80B1-97A1564CAE84}.Release|Mixed Platforms.Build.0 = Release|Any CPU
		{B5C2C54B-804E-403E-80B1-97A1564CAE84}.Release|x86.ActiveCfg = Release|Any CPU
		{1DB58FD6-CCF8-458F-9941-312CDFB45EFA}.Debug|Any CPU.ActiveCfg = Debug|Any CPU
		{1DB58FD6-CCF8-458F-9941-312CDFB45EFA}.Debug|Any CPU.Build.0 = Debug|Any CPU
		{1DB58FD6-CCF8-458F-9941-312CDFB45EFA}.Debug|Mixed Platforms.ActiveCfg = Debug|Any CPU
		{1DB58FD6-CCF8-458F-9941-312CDFB45EFA}.Debug|Mixed Platforms.Build.0 = Debug|Any CPU
		{1DB58FD6-CCF8-458F-9941-312CDFB45EFA}.Debug|x86.ActiveCfg = Debug|Any CPU
		{1DB58FD6-CCF8-458F-9941-312CDFB45EFA}.Release|Any CPU.ActiveCfg = Release|Any CPU
		{1DB58FD6-CCF8-458F-9941-312CDFB45EFA}.Release|Any CPU.Build.0 = Release|Any CPU
		{1DB58FD6-CCF8-458F-9941-312CDFB45EFA}.Release|Mixed Platforms.ActiveCfg = Release|Any CPU
		{1DB58FD6-CCF8-458F-9941-312CDFB45EFA}.Release|Mixed Platforms.Build.0 = Release|Any CPU
		{1DB58FD6-CCF8-458F-9941-312CDFB45EFA}.Release|x86.ActiveCfg = Release|Any CPU
		{A2A4C130-454A-4F40-9B06-8CD77CC557D6}.Debug|Any CPU.ActiveCfg = Debug|Any CPU
		{A2A4C130-454A-4F40-9B06-8CD77CC557D6}.Debug|Any CPU.Build.0 = Debug|Any CPU
		{A2A4C130-454A-4F40-9B06-8CD77CC557D6}.Debug|Mixed Platforms.ActiveCfg = Debug|Any CPU
		{A2A4C130-454A-4F40-9B06-8CD77CC557D6}.Debug|Mixed Platforms.Build.0 = Debug|Any CPU
		{A2A4C130-454A-4F40-9B06-8CD77CC557D6}.Debug|x86.ActiveCfg = Debug|Any CPU
		{A2A4C130-454A-4F40-9B06-8CD77CC557D6}.Release|Any CPU.ActiveCfg = Release|Any CPU
		{A2A4C130-454A-4F40-9B06-8CD77CC557D6}.Release|Any CPU.Build.0 = Release|Any CPU
		{A2A4C130-454A-4F40-9B06-8CD77CC557D6}.Release|Mixed Platforms.ActiveCfg = Release|Any CPU
		{A2A4C130-454A-4F40-9B06-8CD77CC557D6}.Release|Mixed Platforms.Build.0 = Release|Any CPU
		{A2A4C130-454A-4F40-9B06-8CD77CC557D6}.Release|x86.ActiveCfg = Release|Any CPU
		{AEB54313-C622-49F4-8D9A-2D75BFA54901}.Debug|Any CPU.ActiveCfg = Debug|Any CPU
		{AEB54313-C622-49F4-8D9A-2D75BFA54901}.Debug|Any CPU.Build.0 = Debug|Any CPU
		{AEB54313-C622-49F4-8D9A-2D75BFA54901}.Debug|Mixed Platforms.ActiveCfg = Debug|Any CPU
		{AEB54313-C622-49F4-8D9A-2D75BFA54901}.Debug|Mixed Platforms.Build.0 = Debug|Any CPU
		{AEB54313-C622-49F4-8D9A-2D75BFA54901}.Debug|x86.ActiveCfg = Debug|Any CPU
		{AEB54313-C622-49F4-8D9A-2D75BFA54901}.Release|Any CPU.ActiveCfg = Release|Any CPU
		{AEB54313-C622-49F4-8D9A-2D75BFA54901}.Release|Any CPU.Build.0 = Release|Any CPU
		{AEB54313-C622-49F4-8D9A-2D75BFA54901}.Release|Mixed Platforms.ActiveCfg = Release|Any CPU
		{AEB54313-C622-49F4-8D9A-2D75BFA54901}.Release|Mixed Platforms.Build.0 = Release|Any CPU
		{AEB54313-C622-49F4-8D9A-2D75BFA54901}.Release|x86.ActiveCfg = Release|Any CPU
		{5BF1E228-F898-40CF-B8FB-8412D8C81CFF}.Debug|Any CPU.ActiveCfg = Debug|Any CPU
		{5BF1E228-F898-40CF-B8FB-8412D8C81CFF}.Debug|Any CPU.Build.0 = Debug|Any CPU
		{5BF1E228-F898-40CF-B8FB-8412D8C81CFF}.Debug|Mixed Platforms.ActiveCfg = Debug|Any CPU
		{5BF1E228-F898-40CF-B8FB-8412D8C81CFF}.Debug|Mixed Platforms.Build.0 = Debug|Any CPU
		{5BF1E228-F898-40CF-B8FB-8412D8C81CFF}.Debug|x86.ActiveCfg = Debug|Any CPU
		{5BF1E228-F898-40CF-B8FB-8412D8C81CFF}.Release|Any CPU.ActiveCfg = Release|Any CPU
		{5BF1E228-F898-40CF-B8FB-8412D8C81CFF}.Release|Any CPU.Build.0 = Release|Any CPU
		{5BF1E228-F898-40CF-B8FB-8412D8C81CFF}.Release|Mixed Platforms.ActiveCfg = Release|Any CPU
		{5BF1E228-F898-40CF-B8FB-8412D8C81CFF}.Release|Mixed Platforms.Build.0 = Release|Any CPU
		{5BF1E228-F898-40CF-B8FB-8412D8C81CFF}.Release|x86.ActiveCfg = Release|Any CPU
		{838CD437-FEC6-478F-A5CB-8DA6E60E70C9}.Debug|Any CPU.ActiveCfg = Debug|Any CPU
		{838CD437-FEC6-478F-A5CB-8DA6E60E70C9}.Debug|Any CPU.Build.0 = Debug|Any CPU
		{838CD437-FEC6-478F-A5CB-8DA6E60E70C9}.Debug|Mixed Platforms.ActiveCfg = Debug|Any CPU
		{838CD437-FEC6-478F-A5CB-8DA6E60E70C9}.Debug|Mixed Platforms.Build.0 = Debug|Any CPU
		{838CD437-FEC6-478F-A5CB-8DA6E60E70C9}.Debug|x86.ActiveCfg = Debug|Any CPU
		{838CD437-FEC6-478F-A5CB-8DA6E60E70C9}.Release|Any CPU.ActiveCfg = Release|Any CPU
		{838CD437-FEC6-478F-A5CB-8DA6E60E70C9}.Release|Any CPU.Build.0 = Release|Any CPU
		{838CD437-FEC6-478F-A5CB-8DA6E60E70C9}.Release|Mixed Platforms.ActiveCfg = Release|Any CPU
		{838CD437-FEC6-478F-A5CB-8DA6E60E70C9}.Release|Mixed Platforms.Build.0 = Release|Any CPU
		{838CD437-FEC6-478F-A5CB-8DA6E60E70C9}.Release|x86.ActiveCfg = Release|Any CPU
		{33322CD9-27B3-4C2F-BFC4-D44EEFE8A976}.Debug|Any CPU.ActiveCfg = Debug|Any CPU
		{33322CD9-27B3-4C2F-BFC4-D44EEFE8A976}.Debug|Any CPU.Build.0 = Debug|Any CPU
		{33322CD9-27B3-4C2F-BFC4-D44EEFE8A976}.Debug|Mixed Platforms.ActiveCfg = Debug|Any CPU
		{33322CD9-27B3-4C2F-BFC4-D44EEFE8A976}.Debug|Mixed Platforms.Build.0 = Debug|Any CPU
		{33322CD9-27B3-4C2F-BFC4-D44EEFE8A976}.Debug|x86.ActiveCfg = Debug|Any CPU
		{33322CD9-27B3-4C2F-BFC4-D44EEFE8A976}.Release|Any CPU.ActiveCfg = Release|Any CPU
		{33322CD9-27B3-4C2F-BFC4-D44EEFE8A976}.Release|Any CPU.Build.0 = Release|Any CPU
		{33322CD9-27B3-4C2F-BFC4-D44EEFE8A976}.Release|Mixed Platforms.ActiveCfg = Release|Any CPU
		{33322CD9-27B3-4C2F-BFC4-D44EEFE8A976}.Release|Mixed Platforms.Build.0 = Release|Any CPU
		{33322CD9-27B3-4C2F-BFC4-D44EEFE8A976}.Release|x86.ActiveCfg = Release|Any CPU
		{5DD2E91B-6431-4391-AC45-205BD1B67818}.Debug|Any CPU.ActiveCfg = Debug|Any CPU
		{5DD2E91B-6431-4391-AC45-205BD1B67818}.Debug|Any CPU.Build.0 = Debug|Any CPU
		{5DD2E91B-6431-4391-AC45-205BD1B67818}.Debug|Mixed Platforms.ActiveCfg = Debug|Any CPU
		{5DD2E91B-6431-4391-AC45-205BD1B67818}.Debug|Mixed Platforms.Build.0 = Debug|Any CPU
		{5DD2E91B-6431-4391-AC45-205BD1B67818}.Debug|x86.ActiveCfg = Debug|Any CPU
		{5DD2E91B-6431-4391-AC45-205BD1B67818}.Release|Any CPU.ActiveCfg = Release|Any CPU
		{5DD2E91B-6431-4391-AC45-205BD1B67818}.Release|Any CPU.Build.0 = Release|Any CPU
		{5DD2E91B-6431-4391-AC45-205BD1B67818}.Release|Mixed Platforms.ActiveCfg = Release|Any CPU
		{5DD2E91B-6431-4391-AC45-205BD1B67818}.Release|Mixed Platforms.Build.0 = Release|Any CPU
		{5DD2E91B-6431-4391-AC45-205BD1B67818}.Release|x86.ActiveCfg = Release|Any CPU
		{31D65FA3-20B7-41FC-89AA-F9EC30D5E574}.Debug|Any CPU.ActiveCfg = Debug|Any CPU
		{31D65FA3-20B7-41FC-89AA-F9EC30D5E574}.Debug|Any CPU.Build.0 = Debug|Any CPU
		{31D65FA3-20B7-41FC-89AA-F9EC30D5E574}.Debug|Mixed Platforms.ActiveCfg = Debug|Any CPU
		{31D65FA3-20B7-41FC-89AA-F9EC30D5E574}.Debug|Mixed Platforms.Build.0 = Debug|Any CPU
		{31D65FA3-20B7-41FC-89AA-F9EC30D5E574}.Debug|x86.ActiveCfg = Debug|Any CPU
		{31D65FA3-20B7-41FC-89AA-F9EC30D5E574}.Release|Any CPU.ActiveCfg = Release|Any CPU
		{31D65FA3-20B7-41FC-89AA-F9EC30D5E574}.Release|Any CPU.Build.0 = Release|Any CPU
		{31D65FA3-20B7-41FC-89AA-F9EC30D5E574}.Release|Mixed Platforms.ActiveCfg = Release|Any CPU
		{31D65FA3-20B7-41FC-89AA-F9EC30D5E574}.Release|Mixed Platforms.Build.0 = Release|Any CPU
		{31D65FA3-20B7-41FC-89AA-F9EC30D5E574}.Release|x86.ActiveCfg = Release|Any CPU
		{CD1363CD-1C8E-4EF8-A51A-1A9AC54EC0A4}.Debug|Any CPU.ActiveCfg = Debug|Any CPU
		{CD1363CD-1C8E-4EF8-A51A-1A9AC54EC0A4}.Debug|Any CPU.Build.0 = Debug|Any CPU
		{CD1363CD-1C8E-4EF8-A51A-1A9AC54EC0A4}.Debug|Mixed Platforms.ActiveCfg = Debug|Any CPU
		{CD1363CD-1C8E-4EF8-A51A-1A9AC54EC0A4}.Debug|Mixed Platforms.Build.0 = Debug|Any CPU
		{CD1363CD-1C8E-4EF8-A51A-1A9AC54EC0A4}.Debug|x86.ActiveCfg = Debug|Any CPU
		{CD1363CD-1C8E-4EF8-A51A-1A9AC54EC0A4}.Release|Any CPU.ActiveCfg = Release|Any CPU
		{CD1363CD-1C8E-4EF8-A51A-1A9AC54EC0A4}.Release|Any CPU.Build.0 = Release|Any CPU
		{CD1363CD-1C8E-4EF8-A51A-1A9AC54EC0A4}.Release|Mixed Platforms.ActiveCfg = Release|Any CPU
		{CD1363CD-1C8E-4EF8-A51A-1A9AC54EC0A4}.Release|Mixed Platforms.Build.0 = Release|Any CPU
		{CD1363CD-1C8E-4EF8-A51A-1A9AC54EC0A4}.Release|x86.ActiveCfg = Release|Any CPU
		{E8A13109-B078-407A-9F6C-3711672770E2}.Debug|Any CPU.ActiveCfg = Debug|Any CPU
		{E8A13109-B078-407A-9F6C-3711672770E2}.Debug|Any CPU.Build.0 = Debug|Any CPU
		{E8A13109-B078-407A-9F6C-3711672770E2}.Debug|Mixed Platforms.ActiveCfg = Debug|Any CPU
		{E8A13109-B078-407A-9F6C-3711672770E2}.Debug|Mixed Platforms.Build.0 = Debug|Any CPU
		{E8A13109-B078-407A-9F6C-3711672770E2}.Debug|x86.ActiveCfg = Debug|Any CPU
		{E8A13109-B078-407A-9F6C-3711672770E2}.Release|Any CPU.ActiveCfg = Release|Any CPU
		{E8A13109-B078-407A-9F6C-3711672770E2}.Release|Any CPU.Build.0 = Release|Any CPU
		{E8A13109-B078-407A-9F6C-3711672770E2}.Release|Mixed Platforms.ActiveCfg = Release|Any CPU
		{E8A13109-B078-407A-9F6C-3711672770E2}.Release|Mixed Platforms.Build.0 = Release|Any CPU
		{E8A13109-B078-407A-9F6C-3711672770E2}.Release|x86.ActiveCfg = Release|Any CPU
		{4C976A6C-F6A2-4E58-B52C-5CF701C97E50}.Debug|Any CPU.ActiveCfg = Debug|Any CPU
		{4C976A6C-F6A2-4E58-B52C-5CF701C97E50}.Debug|Any CPU.Build.0 = Debug|Any CPU
		{4C976A6C-F6A2-4E58-B52C-5CF701C97E50}.Debug|Mixed Platforms.ActiveCfg = Debug|Any CPU
		{4C976A6C-F6A2-4E58-B52C-5CF701C97E50}.Debug|Mixed Platforms.Build.0 = Debug|Any CPU
		{4C976A6C-F6A2-4E58-B52C-5CF701C97E50}.Debug|x86.ActiveCfg = Debug|Any CPU
		{4C976A6C-F6A2-4E58-B52C-5CF701C97E50}.Release|Any CPU.ActiveCfg = Release|Any CPU
		{4C976A6C-F6A2-4E58-B52C-5CF701C97E50}.Release|Any CPU.Build.0 = Release|Any CPU
		{4C976A6C-F6A2-4E58-B52C-5CF701C97E50}.Release|Mixed Platforms.ActiveCfg = Release|Any CPU
		{4C976A6C-F6A2-4E58-B52C-5CF701C97E50}.Release|Mixed Platforms.Build.0 = Release|Any CPU
		{4C976A6C-F6A2-4E58-B52C-5CF701C97E50}.Release|x86.ActiveCfg = Release|Any CPU
		{A217441C-677F-43C3-8BD8-FD27586E82AC}.Debug|Any CPU.ActiveCfg = Debug|Any CPU
		{A217441C-677F-43C3-8BD8-FD27586E82AC}.Debug|Any CPU.Build.0 = Debug|Any CPU
		{A217441C-677F-43C3-8BD8-FD27586E82AC}.Debug|Mixed Platforms.ActiveCfg = Debug|Any CPU
		{A217441C-677F-43C3-8BD8-FD27586E82AC}.Debug|Mixed Platforms.Build.0 = Debug|Any CPU
		{A217441C-677F-43C3-8BD8-FD27586E82AC}.Debug|x86.ActiveCfg = Debug|Any CPU
		{A217441C-677F-43C3-8BD8-FD27586E82AC}.Release|Any CPU.ActiveCfg = Release|Any CPU
		{A217441C-677F-43C3-8BD8-FD27586E82AC}.Release|Any CPU.Build.0 = Release|Any CPU
		{A217441C-677F-43C3-8BD8-FD27586E82AC}.Release|Mixed Platforms.ActiveCfg = Release|Any CPU
		{A217441C-677F-43C3-8BD8-FD27586E82AC}.Release|Mixed Platforms.Build.0 = Release|Any CPU
		{A217441C-677F-43C3-8BD8-FD27586E82AC}.Release|x86.ActiveCfg = Release|Any CPU
		{236F1329-C748-4C01-948B-98AE9EA89086}.Debug|Any CPU.ActiveCfg = Debug|Any CPU
		{236F1329-C748-4C01-948B-98AE9EA89086}.Debug|Any CPU.Build.0 = Debug|Any CPU
		{236F1329-C748-4C01-948B-98AE9EA89086}.Debug|Mixed Platforms.ActiveCfg = Debug|Any CPU
		{236F1329-C748-4C01-948B-98AE9EA89086}.Debug|Mixed Platforms.Build.0 = Debug|Any CPU
		{236F1329-C748-4C01-948B-98AE9EA89086}.Debug|x86.ActiveCfg = Debug|Any CPU
		{236F1329-C748-4C01-948B-98AE9EA89086}.Release|Any CPU.ActiveCfg = Release|Any CPU
		{236F1329-C748-4C01-948B-98AE9EA89086}.Release|Any CPU.Build.0 = Release|Any CPU
		{236F1329-C748-4C01-948B-98AE9EA89086}.Release|Mixed Platforms.ActiveCfg = Release|Any CPU
		{236F1329-C748-4C01-948B-98AE9EA89086}.Release|Mixed Platforms.Build.0 = Release|Any CPU
		{236F1329-C748-4C01-948B-98AE9EA89086}.Release|x86.ActiveCfg = Release|Any CPU
		{5244E9BE-820A-4613-8ACC-ADC858B83C26}.Debug|Any CPU.ActiveCfg = Debug|Any CPU
		{5244E9BE-820A-4613-8ACC-ADC858B83C26}.Debug|Any CPU.Build.0 = Debug|Any CPU
		{5244E9BE-820A-4613-8ACC-ADC858B83C26}.Debug|Mixed Platforms.ActiveCfg = Debug|Any CPU
		{5244E9BE-820A-4613-8ACC-ADC858B83C26}.Debug|Mixed Platforms.Build.0 = Debug|Any CPU
		{5244E9BE-820A-4613-8ACC-ADC858B83C26}.Debug|x86.ActiveCfg = Debug|Any CPU
		{5244E9BE-820A-4613-8ACC-ADC858B83C26}.Release|Any CPU.ActiveCfg = Release|Any CPU
		{5244E9BE-820A-4613-8ACC-ADC858B83C26}.Release|Any CPU.Build.0 = Release|Any CPU
		{5244E9BE-820A-4613-8ACC-ADC858B83C26}.Release|Mixed Platforms.ActiveCfg = Release|Any CPU
		{5244E9BE-820A-4613-8ACC-ADC858B83C26}.Release|Mixed Platforms.Build.0 = Release|Any CPU
		{5244E9BE-820A-4613-8ACC-ADC858B83C26}.Release|x86.ActiveCfg = Release|Any CPU
		{DF77AEA3-43F7-403C-91AF-3023A3BB06EC}.Debug|Any CPU.ActiveCfg = Debug|Any CPU
		{DF77AEA3-43F7-403C-91AF-3023A3BB06EC}.Debug|Any CPU.Build.0 = Debug|Any CPU
		{DF77AEA3-43F7-403C-91AF-3023A3BB06EC}.Debug|Mixed Platforms.ActiveCfg = Debug|Any CPU
		{DF77AEA3-43F7-403C-91AF-3023A3BB06EC}.Debug|Mixed Platforms.Build.0 = Debug|Any CPU
		{DF77AEA3-43F7-403C-91AF-3023A3BB06EC}.Debug|x86.ActiveCfg = Debug|Any CPU
		{DF77AEA3-43F7-403C-91AF-3023A3BB06EC}.Release|Any CPU.ActiveCfg = Release|Any CPU
		{DF77AEA3-43F7-403C-91AF-3023A3BB06EC}.Release|Any CPU.Build.0 = Release|Any CPU
		{DF77AEA3-43F7-403C-91AF-3023A3BB06EC}.Release|Mixed Platforms.ActiveCfg = Release|Any CPU
		{DF77AEA3-43F7-403C-91AF-3023A3BB06EC}.Release|Mixed Platforms.Build.0 = Release|Any CPU
		{DF77AEA3-43F7-403C-91AF-3023A3BB06EC}.Release|x86.ActiveCfg = Release|Any CPU
		{28F6D950-BC28-4067-98AF-5D6AE70E90A7}.Debug|Any CPU.ActiveCfg = Debug|Any CPU
		{28F6D950-BC28-4067-98AF-5D6AE70E90A7}.Debug|Any CPU.Build.0 = Debug|Any CPU
		{28F6D950-BC28-4067-98AF-5D6AE70E90A7}.Debug|Mixed Platforms.ActiveCfg = Debug|Any CPU
		{28F6D950-BC28-4067-98AF-5D6AE70E90A7}.Debug|Mixed Platforms.Build.0 = Debug|Any CPU
		{28F6D950-BC28-4067-98AF-5D6AE70E90A7}.Debug|x86.ActiveCfg = Debug|Any CPU
		{28F6D950-BC28-4067-98AF-5D6AE70E90A7}.Release|Any CPU.ActiveCfg = Release|Any CPU
		{28F6D950-BC28-4067-98AF-5D6AE70E90A7}.Release|Any CPU.Build.0 = Release|Any CPU
		{28F6D950-BC28-4067-98AF-5D6AE70E90A7}.Release|Mixed Platforms.ActiveCfg = Release|Any CPU
		{28F6D950-BC28-4067-98AF-5D6AE70E90A7}.Release|Mixed Platforms.Build.0 = Release|Any CPU
		{28F6D950-BC28-4067-98AF-5D6AE70E90A7}.Release|x86.ActiveCfg = Release|Any CPU
		{ACC1243E-912B-45E7-A8B0-E312EE9141DD}.Debug|Any CPU.ActiveCfg = Debug|Any CPU
		{ACC1243E-912B-45E7-A8B0-E312EE9141DD}.Debug|Any CPU.Build.0 = Debug|Any CPU
		{ACC1243E-912B-45E7-A8B0-E312EE9141DD}.Debug|Mixed Platforms.ActiveCfg = Debug|Any CPU
		{ACC1243E-912B-45E7-A8B0-E312EE9141DD}.Debug|Mixed Platforms.Build.0 = Debug|Any CPU
		{ACC1243E-912B-45E7-A8B0-E312EE9141DD}.Debug|x86.ActiveCfg = Debug|Any CPU
		{ACC1243E-912B-45E7-A8B0-E312EE9141DD}.Release|Any CPU.ActiveCfg = Release|Any CPU
		{ACC1243E-912B-45E7-A8B0-E312EE9141DD}.Release|Any CPU.Build.0 = Release|Any CPU
		{ACC1243E-912B-45E7-A8B0-E312EE9141DD}.Release|Mixed Platforms.ActiveCfg = Release|Any CPU
		{ACC1243E-912B-45E7-A8B0-E312EE9141DD}.Release|Mixed Platforms.Build.0 = Release|Any CPU
		{ACC1243E-912B-45E7-A8B0-E312EE9141DD}.Release|x86.ActiveCfg = Release|Any CPU
		{4ED8E9F8-52DF-433F-834C-D43A44EC6C89}.Debug|Any CPU.ActiveCfg = Debug|Any CPU
		{4ED8E9F8-52DF-433F-834C-D43A44EC6C89}.Debug|Any CPU.Build.0 = Debug|Any CPU
		{4ED8E9F8-52DF-433F-834C-D43A44EC6C89}.Debug|Mixed Platforms.ActiveCfg = Debug|Any CPU
		{4ED8E9F8-52DF-433F-834C-D43A44EC6C89}.Debug|Mixed Platforms.Build.0 = Debug|Any CPU
		{4ED8E9F8-52DF-433F-834C-D43A44EC6C89}.Debug|x86.ActiveCfg = Debug|Any CPU
		{4ED8E9F8-52DF-433F-834C-D43A44EC6C89}.Debug|x86.Build.0 = Debug|Any CPU
		{4ED8E9F8-52DF-433F-834C-D43A44EC6C89}.Release|Any CPU.ActiveCfg = Release|Any CPU
		{4ED8E9F8-52DF-433F-834C-D43A44EC6C89}.Release|Any CPU.Build.0 = Release|Any CPU
		{4ED8E9F8-52DF-433F-834C-D43A44EC6C89}.Release|Mixed Platforms.ActiveCfg = Release|Any CPU
		{4ED8E9F8-52DF-433F-834C-D43A44EC6C89}.Release|Mixed Platforms.Build.0 = Release|Any CPU
		{4ED8E9F8-52DF-433F-834C-D43A44EC6C89}.Release|x86.ActiveCfg = Release|Any CPU
		{4ED8E9F8-52DF-433F-834C-D43A44EC6C89}.Release|x86.Build.0 = Release|Any CPU
		{DE964006-6E7B-4FA8-9D04-07B2E1819774}.Debug|Any CPU.ActiveCfg = Debug|Any CPU
		{DE964006-6E7B-4FA8-9D04-07B2E1819774}.Debug|Any CPU.Build.0 = Debug|Any CPU
		{DE964006-6E7B-4FA8-9D04-07B2E1819774}.Debug|Mixed Platforms.ActiveCfg = Debug|Any CPU
		{DE964006-6E7B-4FA8-9D04-07B2E1819774}.Debug|Mixed Platforms.Build.0 = Debug|Any CPU
		{DE964006-6E7B-4FA8-9D04-07B2E1819774}.Debug|x86.ActiveCfg = Debug|Any CPU
		{DE964006-6E7B-4FA8-9D04-07B2E1819774}.Debug|x86.Build.0 = Debug|Any CPU
		{DE964006-6E7B-4FA8-9D04-07B2E1819774}.Release|Any CPU.ActiveCfg = Release|Any CPU
		{DE964006-6E7B-4FA8-9D04-07B2E1819774}.Release|Any CPU.Build.0 = Release|Any CPU
		{DE964006-6E7B-4FA8-9D04-07B2E1819774}.Release|Mixed Platforms.ActiveCfg = Release|Any CPU
		{DE964006-6E7B-4FA8-9D04-07B2E1819774}.Release|Mixed Platforms.Build.0 = Release|Any CPU
		{DE964006-6E7B-4FA8-9D04-07B2E1819774}.Release|x86.ActiveCfg = Release|Any CPU
		{DE964006-6E7B-4FA8-9D04-07B2E1819774}.Release|x86.Build.0 = Release|Any CPU
		{564C72C8-586E-4218-B6B3-F464F7C3903A}.Debug|Any CPU.ActiveCfg = Debug|Any CPU
		{564C72C8-586E-4218-B6B3-F464F7C3903A}.Debug|Any CPU.Build.0 = Debug|Any CPU
		{564C72C8-586E-4218-B6B3-F464F7C3903A}.Debug|Mixed Platforms.ActiveCfg = Debug|Any CPU
		{564C72C8-586E-4218-B6B3-F464F7C3903A}.Debug|Mixed Platforms.Build.0 = Debug|Any CPU
		{564C72C8-586E-4218-B6B3-F464F7C3903A}.Debug|x86.ActiveCfg = Debug|Any CPU
		{564C72C8-586E-4218-B6B3-F464F7C3903A}.Debug|x86.Build.0 = Debug|Any CPU
		{564C72C8-586E-4218-B6B3-F464F7C3903A}.Release|Any CPU.ActiveCfg = Release|Any CPU
		{564C72C8-586E-4218-B6B3-F464F7C3903A}.Release|Any CPU.Build.0 = Release|Any CPU
		{564C72C8-586E-4218-B6B3-F464F7C3903A}.Release|Mixed Platforms.ActiveCfg = Release|Any CPU
		{564C72C8-586E-4218-B6B3-F464F7C3903A}.Release|Mixed Platforms.Build.0 = Release|Any CPU
		{564C72C8-586E-4218-B6B3-F464F7C3903A}.Release|x86.ActiveCfg = Release|Any CPU
		{564C72C8-586E-4218-B6B3-F464F7C3903A}.Release|x86.Build.0 = Release|Any CPU
	EndGlobalSection
	GlobalSection(SolutionProperties) = preSolution
		HideSolutionNode = FALSE
	EndGlobalSection
	GlobalSection(NestedProjects) = preSolution
		{09F88D1C-F1E1-484A-BDA9-B76FEB0B6B91} = {1A7814D2-1185-484E-92CC-7DD71DDE6488}
		{693DDB30-8E8E-43E9-AE13-EE2010F46C96} = {1A7814D2-1185-484E-92CC-7DD71DDE6488}
		{B5C2C54B-804E-403E-80B1-97A1564CAE84} = {1A7814D2-1185-484E-92CC-7DD71DDE6488}
		{1DB58FD6-CCF8-458F-9941-312CDFB45EFA} = {1A7814D2-1185-484E-92CC-7DD71DDE6488}
		{A2A4C130-454A-4F40-9B06-8CD77CC557D6} = {1A7814D2-1185-484E-92CC-7DD71DDE6488}
		{AEB54313-C622-49F4-8D9A-2D75BFA54901} = {1A7814D2-1185-484E-92CC-7DD71DDE6488}
		{5BF1E228-F898-40CF-B8FB-8412D8C81CFF} = {1A7814D2-1185-484E-92CC-7DD71DDE6488}
		{838CD437-FEC6-478F-A5CB-8DA6E60E70C9} = {1A7814D2-1185-484E-92CC-7DD71DDE6488}
		{33322CD9-27B3-4C2F-BFC4-D44EEFE8A976} = {1A7814D2-1185-484E-92CC-7DD71DDE6488}
		{5DD2E91B-6431-4391-AC45-205BD1B67818} = {1A7814D2-1185-484E-92CC-7DD71DDE6488}
		{31D65FA3-20B7-41FC-89AA-F9EC30D5E574} = {1A7814D2-1185-484E-92CC-7DD71DDE6488}
		{CD1363CD-1C8E-4EF8-A51A-1A9AC54EC0A4} = {1A7814D2-1185-484E-92CC-7DD71DDE6488}
		{E8A13109-B078-407A-9F6C-3711672770E2} = {1A7814D2-1185-484E-92CC-7DD71DDE6488}
		{4C976A6C-F6A2-4E58-B52C-5CF701C97E50} = {1A7814D2-1185-484E-92CC-7DD71DDE6488}
		{A217441C-677F-43C3-8BD8-FD27586E82AC} = {1A7814D2-1185-484E-92CC-7DD71DDE6488}
		{236F1329-C748-4C01-948B-98AE9EA89086} = {1A7814D2-1185-484E-92CC-7DD71DDE6488}
		{5244E9BE-820A-4613-8ACC-ADC858B83C26} = {1A7814D2-1185-484E-92CC-7DD71DDE6488}
		{28F6D950-BC28-4067-98AF-5D6AE70E90A7} = {1A7814D2-1185-484E-92CC-7DD71DDE6488}
		{ACC1243E-912B-45E7-A8B0-E312EE9141DD} = {1A7814D2-1185-484E-92CC-7DD71DDE6488}
		{4ED8E9F8-52DF-433F-834C-D43A44EC6C89} = {1A7814D2-1185-484E-92CC-7DD71DDE6488}
		{DE964006-6E7B-4FA8-9D04-07B2E1819774} = {1A7814D2-1185-484E-92CC-7DD71DDE6488}
	EndGlobalSection
	GlobalSection(ExtensibilityGlobals) = postSolution
		BuildVersion_ConfigurationName = Release
	EndGlobalSection
EndGlobal
