
Microsoft Visual Studio Solution File, Format Version 12.00
# Visual Studio 2013
VisualStudioVersion = 12.0.30723.0
MinimumVisualStudioVersion = 10.0.40219.1
Project("{FAE04EC0-301F-11D3-BF4B-00C04F79EFBC}") = "MsCrmTools.FormAttributeManager", "MsCrmTools.FormAttributeManager.csproj", "{9AC9AF8F-D629-4ED2-AC91-6F62AEA1F93F}"
EndProject
Global
	GlobalSection(TeamFoundationVersionControl) = preSolution
		SccNumberOfProjects = 1
		SccEnterpriseProvider = {4CA58AB2-18FA-4F8D-95D4-32DDF27D184C}
		SccTeamFoundationServer = https://tfs.codeplex.com/tfs/tfs24
		SccProjectUniqueName0 = MsCrmTools.FormAttributeManager.csproj
		SccProjectName0 = .
		SccAuxPath0 = https://tfs.codeplex.com/tfs/tfs24
		SccLocalPath0 = .
		SccProvider0 = {4CA58AB2-18FA-4F8D-95D4-32DDF27D184C}
	EndGlobalSection
	GlobalSection(SolutionConfigurationPlatforms) = preSolution
		Debug|Any CPU = Debug|Any CPU
		Release|Any CPU = Release|Any CPU
	EndGlobalSection
	GlobalSection(ProjectConfigurationPlatforms) = postSolution
		{9AC9AF8F-D629-4ED2-AC91-6F62AEA1F93F}.Debug|Any CPU.ActiveCfg = Debug|Any CPU
		{9AC9AF8F-D629-4ED2-AC91-6F62AEA1F93F}.Debug|Any CPU.Build.0 = Debug|Any CPU
		{9AC9AF8F-D629-4ED2-AC91-6F62AEA1F93F}.Release|Any CPU.ActiveCfg = Release|Any CPU
		{9AC9AF8F-D629-4ED2-AC91-6F62AEA1F93F}.Release|Any CPU.Build.0 = Release|Any CPU
	EndGlobalSection
	GlobalSection(SolutionProperties) = preSolution
		HideSolutionNode = FALSE
	EndGlobalSection
EndGlobal
