
Microsoft Visual Studio Solution File, Format Version 12.00
# Visual Studio 2013
VisualStudioVersion = 12.0.21005.1
MinimumVisualStudioVersion = 10.0.40219.1
Project("{FAE04EC0-301F-11D3-BF4B-00C04F79EFBC}") = "XrmToolBox", "XrmToolBox\XrmToolBox.csproj", "{328D55BE-8B9A-4087-A5C2-9FBAF623F54B}"
EndProject
Project("{FAE04EC0-301F-11D3-BF4B-00C04F79EFBC}") = "Console.Test", "Console.Test\Console.Test.csproj", "{7D7B8DFB-A4FC-4249-BE09-666039D53375}"
EndProject
Project("{2150E333-8FDC-42A3-9474-1A3956D46DE8}") = "Connection Projects", "Connection Projects", "{B6637A1A-E79E-48EF-8724-1ACE99142A8A}"
EndProject
Project("{FAE04EC0-301F-11D3-BF4B-00C04F79EFBC}") = "McTools.Xrm.Connection", "Connection Projects\McTools.Xrm.Connection\McTools.Xrm.Connection.csproj", "{C3824C2C-6E2E-4FDE-A2AA-229BBC7C3B1F}"
EndProject
Project("{FAE04EC0-301F-11D3-BF4B-00C04F79EFBC}") = "McTools.Xrm.Connection.Console", "Connection Projects\McTools.Xrm.Connection.Console\McTools.Xrm.Connection.Console.csproj", "{D1F6E3FC-93D5-43C1-9465-25231BCC93BF}"
EndProject
Project("{FAE04EC0-301F-11D3-BF4B-00C04F79EFBC}") = "McTools.Xrm.Connection.TestWinForm", "Connection Projects\McTools.Xrm.Connection.TestWinForm\McTools.Xrm.Connection.TestWinForm.csproj", "{5093677C-F49B-4249-BEC1-E117E62255AD}"
EndProject
Project("{FAE04EC0-301F-11D3-BF4B-00C04F79EFBC}") = "McTools.Xrm.Connection.WinForms", "Connection Projects\McTools.Xrm.Connection.WinForms\McTools.Xrm.Connection.WinForms.csproj", "{EEB5C09F-CEC6-4FB5-87B5-AE61AE89C9EB}"
EndProject
Project("{2150E333-8FDC-42A3-9474-1A3956D46DE8}") = "Plugins", "Plugins", "{1A7814D2-1185-484E-92CC-7DD71DDE6488}"
EndProject
Project("{2150E333-8FDC-42A3-9474-1A3956D46DE8}") = "Referenced Assemblies", "Referenced Assemblies", "{000015F3-36AB-4D7F-A281-DB88FBCE71EA}"
	ProjectSection(SolutionItems) = preProject
		Referenced Assemblies\Microsoft.Crm.Sdk.Proxy.dll = Referenced Assemblies\Microsoft.Crm.Sdk.Proxy.dll
		Referenced Assemblies\Microsoft.Xrm.Client.dll = Referenced Assemblies\Microsoft.Xrm.Client.dll
		Referenced Assemblies\Microsoft.Xrm.Sdk.Deployment.dll = Referenced Assemblies\Microsoft.Xrm.Sdk.Deployment.dll
		Referenced Assemblies\Microsoft.Xrm.Sdk.dll = Referenced Assemblies\Microsoft.Xrm.Sdk.dll
	EndProjectSection
EndProject
Project("{FAE04EC0-301F-11D3-BF4B-00C04F79EFBC}") = "MsCrmTools.SolutionComponentsMover", "Plugins\MsCrmTools.SolutionComponentsMover\MsCrmTools.SolutionComponentsMover.csproj", "{CAD450A3-C85A-45F7-9F65-0D3226DFF5B4}"
EndProject
Global
	GlobalSection(TeamFoundationVersionControl) = preSolution
		SccNumberOfProjects = 8
		SccEnterpriseProvider = {4CA58AB2-18FA-4F8D-95D4-32DDF27D184C}
		SccTeamFoundationServer = https://tfs.codeplex.com/tfs/tfs24
		SccLocalPath0 = .
		SccProjectUniqueName1 = XrmToolBox\\XrmToolBox.csproj
		SccProjectName1 = XrmToolBox
		SccLocalPath1 = XrmToolBox
		SccProjectUniqueName2 = Console.Test\\Console.Test.csproj
		SccProjectName2 = Console.Test
		SccLocalPath2 = Console.Test
		SccProjectUniqueName3 = Connection\u0020Projects\\McTools.Xrm.Connection\\McTools.Xrm.Connection.csproj
		SccProjectTopLevelParentUniqueName3 = XrmToolBox.sln
		SccProjectName3 = Connection\u0020Projects/McTools.Xrm.Connection
		SccLocalPath3 = Connection\u0020Projects\\McTools.Xrm.Connection
		SccProjectUniqueName4 = Connection\u0020Projects\\McTools.Xrm.Connection.Console\\McTools.Xrm.Connection.Console.csproj
		SccProjectTopLevelParentUniqueName4 = XrmToolBox.sln
		SccProjectName4 = Connection\u0020Projects/McTools.Xrm.Connection.Console
		SccLocalPath4 = Connection\u0020Projects\\McTools.Xrm.Connection.Console
		SccProjectUniqueName5 = Connection\u0020Projects\\McTools.Xrm.Connection.TestWinForm\\McTools.Xrm.Connection.TestWinForm.csproj
		SccProjectTopLevelParentUniqueName5 = XrmToolBox.sln
		SccProjectName5 = Connection\u0020Projects/McTools.Xrm.Connection.TestWinForm
		SccLocalPath5 = Connection\u0020Projects\\McTools.Xrm.Connection.TestWinForm
		SccProjectUniqueName6 = Connection\u0020Projects\\McTools.Xrm.Connection.WinForms\\McTools.Xrm.Connection.WinForms.csproj
		SccProjectTopLevelParentUniqueName6 = XrmToolBox.sln
		SccProjectName6 = Connection\u0020Projects/McTools.Xrm.Connection.WinForms
		SccLocalPath6 = Connection\u0020Projects\\McTools.Xrm.Connection.WinForms
		SccProjectUniqueName7 = Plugins\\MsCrmTools.SolutionComponentsMover\\MsCrmTools.SolutionComponentsMover.csproj
		SccProjectTopLevelParentUniqueName7 = XrmToolBox.sln
		SccProjectName7 = Plugins/MsCrmTools.SolutionComponentsMover
		SccLocalPath7 = Plugins\\MsCrmTools.SolutionComponentsMover
	EndGlobalSection
	GlobalSection(SolutionConfigurationPlatforms) = preSolution
		Debug|Any CPU = Debug|Any CPU
		Debug|Mixed Platforms = Debug|Mixed Platforms
		Debug|x86 = Debug|x86
		Release|Any CPU = Release|Any CPU
		Release|Mixed Platforms = Release|Mixed Platforms
		Release|x86 = Release|x86
	EndGlobalSection
	GlobalSection(ProjectConfigurationPlatforms) = postSolution
		{328D55BE-8B9A-4087-A5C2-9FBAF623F54B}.Debug|Any CPU.ActiveCfg = Debug|Any CPU
		{328D55BE-8B9A-4087-A5C2-9FBAF623F54B}.Debug|Mixed Platforms.ActiveCfg = Debug|Any CPU
		{328D55BE-8B9A-4087-A5C2-9FBAF623F54B}.Debug|Mixed Platforms.Build.0 = Debug|Any CPU
		{328D55BE-8B9A-4087-A5C2-9FBAF623F54B}.Debug|x86.ActiveCfg = Debug|Any CPU
		{328D55BE-8B9A-4087-A5C2-9FBAF623F54B}.Release|Any CPU.ActiveCfg = Release|Any CPU
		{328D55BE-8B9A-4087-A5C2-9FBAF623F54B}.Release|Any CPU.Build.0 = Release|Any CPU
		{328D55BE-8B9A-4087-A5C2-9FBAF623F54B}.Release|Mixed Platforms.ActiveCfg = Release|Any CPU
		{328D55BE-8B9A-4087-A5C2-9FBAF623F54B}.Release|Mixed Platforms.Build.0 = Release|Any CPU
		{328D55BE-8B9A-4087-A5C2-9FBAF623F54B}.Release|x86.ActiveCfg = Release|Any CPU
		{7D7B8DFB-A4FC-4249-BE09-666039D53375}.Debug|Any CPU.ActiveCfg = Debug|Any CPU
		{7D7B8DFB-A4FC-4249-BE09-666039D53375}.Debug|Any CPU.Build.0 = Debug|Any CPU
		{7D7B8DFB-A4FC-4249-BE09-666039D53375}.Debug|Mixed Platforms.ActiveCfg = Debug|Any CPU
		{7D7B8DFB-A4FC-4249-BE09-666039D53375}.Debug|Mixed Platforms.Build.0 = Debug|Any CPU
		{7D7B8DFB-A4FC-4249-BE09-666039D53375}.Debug|x86.ActiveCfg = Debug|Any CPU
		{7D7B8DFB-A4FC-4249-BE09-666039D53375}.Release|Any CPU.ActiveCfg = Release|Any CPU
		{7D7B8DFB-A4FC-4249-BE09-666039D53375}.Release|Any CPU.Build.0 = Release|Any CPU
		{7D7B8DFB-A4FC-4249-BE09-666039D53375}.Release|Mixed Platforms.ActiveCfg = Release|Any CPU
		{7D7B8DFB-A4FC-4249-BE09-666039D53375}.Release|Mixed Platforms.Build.0 = Release|Any CPU
		{7D7B8DFB-A4FC-4249-BE09-666039D53375}.Release|x86.ActiveCfg = Release|Any CPU
		{C3824C2C-6E2E-4FDE-A2AA-229BBC7C3B1F}.Debug|Any CPU.ActiveCfg = Debug|Any CPU
		{C3824C2C-6E2E-4FDE-A2AA-229BBC7C3B1F}.Debug|Any CPU.Build.0 = Debug|Any CPU
		{C3824C2C-6E2E-4FDE-A2AA-229BBC7C3B1F}.Debug|Mixed Platforms.ActiveCfg = Debug|Any CPU
		{C3824C2C-6E2E-4FDE-A2AA-229BBC7C3B1F}.Debug|Mixed Platforms.Build.0 = Debug|Any CPU
		{C3824C2C-6E2E-4FDE-A2AA-229BBC7C3B1F}.Debug|x86.ActiveCfg = Debug|Any CPU
		{C3824C2C-6E2E-4FDE-A2AA-229BBC7C3B1F}.Release|Any CPU.ActiveCfg = Release|Any CPU
		{C3824C2C-6E2E-4FDE-A2AA-229BBC7C3B1F}.Release|Any CPU.Build.0 = Release|Any CPU
		{C3824C2C-6E2E-4FDE-A2AA-229BBC7C3B1F}.Release|Mixed Platforms.ActiveCfg = Release|Any CPU
		{C3824C2C-6E2E-4FDE-A2AA-229BBC7C3B1F}.Release|Mixed Platforms.Build.0 = Release|Any CPU
		{C3824C2C-6E2E-4FDE-A2AA-229BBC7C3B1F}.Release|x86.ActiveCfg = Release|Any CPU
		{D1F6E3FC-93D5-43C1-9465-25231BCC93BF}.Debug|Any CPU.ActiveCfg = Debug|x86
		{D1F6E3FC-93D5-43C1-9465-25231BCC93BF}.Debug|Mixed Platforms.ActiveCfg = Debug|x86
		{D1F6E3FC-93D5-43C1-9465-25231BCC93BF}.Debug|Mixed Platforms.Build.0 = Debug|x86
		{D1F6E3FC-93D5-43C1-9465-25231BCC93BF}.Debug|x86.ActiveCfg = Debug|x86
		{D1F6E3FC-93D5-43C1-9465-25231BCC93BF}.Debug|x86.Build.0 = Debug|x86
		{D1F6E3FC-93D5-43C1-9465-25231BCC93BF}.Release|Any CPU.ActiveCfg = Release|x86
		{D1F6E3FC-93D5-43C1-9465-25231BCC93BF}.Release|Mixed Platforms.ActiveCfg = Release|x86
		{D1F6E3FC-93D5-43C1-9465-25231BCC93BF}.Release|Mixed Platforms.Build.0 = Release|x86
		{D1F6E3FC-93D5-43C1-9465-25231BCC93BF}.Release|x86.ActiveCfg = Release|x86
		{D1F6E3FC-93D5-43C1-9465-25231BCC93BF}.Release|x86.Build.0 = Release|x86
		{5093677C-F49B-4249-BEC1-E117E62255AD}.Debug|Any CPU.ActiveCfg = Debug|x86
		{5093677C-F49B-4249-BEC1-E117E62255AD}.Debug|Mixed Platforms.ActiveCfg = Debug|x86
		{5093677C-F49B-4249-BEC1-E117E62255AD}.Debug|Mixed Platforms.Build.0 = Debug|x86
		{5093677C-F49B-4249-BEC1-E117E62255AD}.Debug|x86.ActiveCfg = Debug|x86
		{5093677C-F49B-4249-BEC1-E117E62255AD}.Debug|x86.Build.0 = Debug|x86
		{5093677C-F49B-4249-BEC1-E117E62255AD}.Release|Any CPU.ActiveCfg = Release|x86
		{5093677C-F49B-4249-BEC1-E117E62255AD}.Release|Mixed Platforms.ActiveCfg = Release|x86
		{5093677C-F49B-4249-BEC1-E117E62255AD}.Release|Mixed Platforms.Build.0 = Release|x86
		{5093677C-F49B-4249-BEC1-E117E62255AD}.Release|x86.ActiveCfg = Release|x86
		{5093677C-F49B-4249-BEC1-E117E62255AD}.Release|x86.Build.0 = Release|x86
		{EEB5C09F-CEC6-4FB5-87B5-AE61AE89C9EB}.Debug|Any CPU.ActiveCfg = Debug|Any CPU
		{EEB5C09F-CEC6-4FB5-87B5-AE61AE89C9EB}.Debug|Any CPU.Build.0 = Debug|Any CPU
		{EEB5C09F-CEC6-4FB5-87B5-AE61AE89C9EB}.Debug|Mixed Platforms.ActiveCfg = Debug|Any CPU
		{EEB5C09F-CEC6-4FB5-87B5-AE61AE89C9EB}.Debug|Mixed Platforms.Build.0 = Debug|Any CPU
		{EEB5C09F-CEC6-4FB5-87B5-AE61AE89C9EB}.Debug|x86.ActiveCfg = Debug|Any CPU
		{EEB5C09F-CEC6-4FB5-87B5-AE61AE89C9EB}.Release|Any CPU.ActiveCfg = Release|Any CPU
		{EEB5C09F-CEC6-4FB5-87B5-AE61AE89C9EB}.Release|Any CPU.Build.0 = Release|Any CPU
		{EEB5C09F-CEC6-4FB5-87B5-AE61AE89C9EB}.Release|Mixed Platforms.ActiveCfg = Release|Any CPU
		{EEB5C09F-CEC6-4FB5-87B5-AE61AE89C9EB}.Release|Mixed Platforms.Build.0 = Release|Any CPU
		{EEB5C09F-CEC6-4FB5-87B5-AE61AE89C9EB}.Release|x86.ActiveCfg = Release|Any CPU
		{CAD450A3-C85A-45F7-9F65-0D3226DFF5B4}.Debug|Any CPU.ActiveCfg = Debug|Any CPU
		{CAD450A3-C85A-45F7-9F65-0D3226DFF5B4}.Debug|Any CPU.Build.0 = Debug|Any CPU
		{CAD450A3-C85A-45F7-9F65-0D3226DFF5B4}.Debug|Mixed Platforms.ActiveCfg = Debug|Any CPU
		{CAD450A3-C85A-45F7-9F65-0D3226DFF5B4}.Debug|Mixed Platforms.Build.0 = Debug|Any CPU
		{CAD450A3-C85A-45F7-9F65-0D3226DFF5B4}.Debug|x86.ActiveCfg = Debug|Any CPU
		{CAD450A3-C85A-45F7-9F65-0D3226DFF5B4}.Release|Any CPU.ActiveCfg = Release|Any CPU
		{CAD450A3-C85A-45F7-9F65-0D3226DFF5B4}.Release|Any CPU.Build.0 = Release|Any CPU
		{CAD450A3-C85A-45F7-9F65-0D3226DFF5B4}.Release|Mixed Platforms.ActiveCfg = Release|Any CPU
		{CAD450A3-C85A-45F7-9F65-0D3226DFF5B4}.Release|Mixed Platforms.Build.0 = Release|Any CPU
		{CAD450A3-C85A-45F7-9F65-0D3226DFF5B4}.Release|x86.ActiveCfg = Release|Any CPU
	EndGlobalSection
	GlobalSection(SolutionProperties) = preSolution
		HideSolutionNode = FALSE
	EndGlobalSection
	GlobalSection(NestedProjects) = preSolution
		{C3824C2C-6E2E-4FDE-A2AA-229BBC7C3B1F} = {B6637A1A-E79E-48EF-8724-1ACE99142A8A}
		{D1F6E3FC-93D5-43C1-9465-25231BCC93BF} = {B6637A1A-E79E-48EF-8724-1ACE99142A8A}
		{5093677C-F49B-4249-BEC1-E117E62255AD} = {B6637A1A-E79E-48EF-8724-1ACE99142A8A}
		{EEB5C09F-CEC6-4FB5-87B5-AE61AE89C9EB} = {B6637A1A-E79E-48EF-8724-1ACE99142A8A}
		{CAD450A3-C85A-45F7-9F65-0D3226DFF5B4} = {1A7814D2-1185-484E-92CC-7DD71DDE6488}
	EndGlobalSection
EndGlobal
