
Microsoft Visual Studio Solution File, Format Version 12.00
# Visual Studio 2012
Project("{FAE04EC0-301F-11D3-BF4B-00C04F79EFBC}") = "XrmToolBox", "XrmToolBox\XrmToolBox.csproj", "{328D55BE-8B9A-4087-A5C2-9FBAF623F54B}"
EndProject
Project("{FAE04EC0-301F-11D3-BF4B-00C04F79EFBC}") = "MsCrmTools.SiteMapEditor", "MsCrmTools.SiteMapEditor\MsCrmTools.SiteMapEditor.csproj", "{5DD2E91B-6431-4391-AC45-205BD1B67818}"
EndProject
Project("{FAE04EC0-301F-11D3-BF4B-00C04F79EFBC}") = "MsCrmTools.Iconator", "MsCrmTools.Iconator\MsCrmTools.Iconator.csproj", "{A2A4C130-454A-4F40-9B06-8CD77CC557D6}"
EndProject
Project("{FAE04EC0-301F-11D3-BF4B-00C04F79EFBC}") = "MsCrmTools.ViewLayoutReplicator", "MsCrmTools.ViewLayoutReplicator\MsCrmTools.ViewLayoutReplicator.csproj", "{4C976A6C-F6A2-4E58-B52C-5CF701C97E50}"
EndProject
Project("{FAE04EC0-301F-11D3-BF4B-00C04F79EFBC}") = "MsCrmTools.AttributeBulkUpdater", "MsCrmTools.AttributeBulkUpdater\MsCrmTools.AttributeBulkUpdater.csproj", "{693DDB30-8E8E-43E9-AE13-EE2010F46C96}"
EndProject
Project("{FAE04EC0-301F-11D3-BF4B-00C04F79EFBC}") = "MsCrmTools.ScriptsFinder", "MsCrmTools.ScriptsFinder\MsCrmTools.ScriptsFinder.csproj", "{838CD437-FEC6-478F-A5CB-8DA6E60E70C9}"
EndProject
Project("{FAE04EC0-301F-11D3-BF4B-00C04F79EFBC}") = "MsCrmTools.WebResourcesManager", "MsCrmTools.WebResourcesManager\MsCrmTools.WebResourcesManager.csproj", "{71737D43-3B0A-4709-93F2-ED9C62C836B3}"
EndProject
Project("{FAE04EC0-301F-11D3-BF4B-00C04F79EFBC}") = "MsCrmTools.SampleTool", "MsCrmTools.SampleTool\MsCrmTools.SampleTool.csproj", "{5BF1E228-F898-40CF-B8FB-8412D8C81CFF}"
EndProject
Project("{FAE04EC0-301F-11D3-BF4B-00C04F79EFBC}") = "MsCrmTools.SolutionImport", "MsCrmTools.SolutionImport\MsCrmTools.SolutionImport.csproj", "{33322CD9-27B3-4C2F-BFC4-D44EEFE8A976}"
EndProject
Project("{FAE04EC0-301F-11D3-BF4B-00C04F79EFBC}") = "MsCrmTools.RoleUpdater", "MsCrmTools.RoleUpdater\MsCrmTools.RoleUpdater.csproj", "{22CDF25B-D751-4ABC-BFA2-EC754C9937EF}"
EndProject
Project("{FAE04EC0-301F-11D3-BF4B-00C04F79EFBC}") = "MsCrmTools.FetchXmlTester", "MsCrmTools.FetchXmlTester\MsCrmTools.FetchXmlTester.csproj", "{1DB58FD6-CCF8-458F-9941-312CDFB45EFA}"
EndProject
Project("{FAE04EC0-301F-11D3-BF4B-00C04F79EFBC}") = "MsCrmTools.AccessChecker", "MsCrmTools.AccessChecker\MsCrmTools.AccessChecker.csproj", "{72762706-441B-4F44-9A51-2FCEA95E1F31}"
EndProject
Project("{FAE04EC0-301F-11D3-BF4B-00C04F79EFBC}") = "MsCrmTools.PrivDiscover", "MsCrmTools.PrivDiscover\MsCrmTools.PrivDiscover.csproj", "{BF5E84F9-91B6-4849-8321-6C9D6B9CE9AA}"
EndProject
Project("{FAE04EC0-301F-11D3-BF4B-00C04F79EFBC}") = "MsCrmTools.MetadataDocumentGenerator", "MsCrmTools.MetadataDocumentGenerator\MsCrmTools.MetadataDocumentGenerator.csproj", "{AEB54313-C622-49F4-8D9A-2D75BFA54901}"
EndProject
Project("{FAE04EC0-301F-11D3-BF4B-00C04F79EFBC}") = "DamSim.SolutionTransferTool", "DamSim.SolutionTransferTool\DamSim.SolutionTransferTool.csproj", "{2DA068AE-5B32-46B4-864D-0D8507A6D981}"
EndProject
Project("{FAE04EC0-301F-11D3-BF4B-00C04F79EFBC}") = "MsCrmTools.Translator", "MsCrmTools.Translator\MsCrmTools.Translator.csproj", "{E8A13109-B078-407A-9F6C-3711672770E2}"
EndProject
Project("{FAE04EC0-301F-11D3-BF4B-00C04F79EFBC}") = "Console.Test", "Console.Test\Console.Test.csproj", "{7D7B8DFB-A4FC-4249-BE09-666039D53375}"
EndProject
Project("{FAE04EC0-301F-11D3-BF4B-00C04F79EFBC}") = "MsCrmTools.AuditCenter", "MsCrmTools.AuditCenter\MsCrmTools.AuditCenter.csproj", "{B5C2C54B-804E-403E-80B1-97A1564CAE84}"
EndProject
Project("{FAE04EC0-301F-11D3-BF4B-00C04F79EFBC}") = "MscrmTools.SyncFilterManager", "MscrmTools.SyncFilterManager\MscrmTools.SyncFilterManager.csproj", "{31D65FA3-20B7-41FC-89AA-F9EC30D5E574}"
EndProject
Project("{FAE04EC0-301F-11D3-BF4B-00C04F79EFBC}") = "MsCrmTools.FormParameterManager", "MsCrmTools.FormParameterManager\MsCrmTools.FormParameterManager.csproj", "{8BF3FA24-62A9-44EF-A76B-ADB092E86514}"
EndProject
Project("{2150E333-8FDC-42A3-9474-1A3956D46DE8}") = "Connection Projects", "Connection Projects", "{B6637A1A-E79E-48EF-8724-1ACE99142A8A}"
EndProject
Project("{FAE04EC0-301F-11D3-BF4B-00C04F79EFBC}") = "McTools.Xrm.Connection", "Connection Projects\McTools.Xrm.Connection\McTools.Xrm.Connection.csproj", "{C3824C2C-6E2E-4FDE-A2AA-229BBC7C3B1F}"
EndProject
Project("{FAE04EC0-301F-11D3-BF4B-00C04F79EFBC}") = "McTools.Xrm.Connection.Console", "Connection Projects\McTools.Xrm.Connection.Console\McTools.Xrm.Connection.Console.csproj", "{D1F6E3FC-93D5-43C1-9465-25231BCC93BF}"
EndProject
Project("{FAE04EC0-301F-11D3-BF4B-00C04F79EFBC}") = "McTools.Xrm.Connection.TestWinForm", "Connection Projects\McTools.Xrm.Connection.TestWinForm\McTools.Xrm.Connection.TestWinForm.csproj", "{5093677C-F49B-4249-BEC1-E117E62255AD}"
EndProject
Project("{FAE04EC0-301F-11D3-BF4B-00C04F79EFBC}") = "McTools.Xrm.Connection.WinForms", "Connection Projects\McTools.Xrm.Connection.WinForms\McTools.Xrm.Connection.WinForms.csproj", "{EEB5C09F-CEC6-4FB5-87B5-AE61AE89C9EB}"
EndProject
Global
	GlobalSection(TeamFoundationVersionControl) = preSolution
		SccNumberOfProjects = 25
		SccEnterpriseProvider = {4CA58AB2-18FA-4F8D-95D4-32DDF27D184C}
		SccTeamFoundationServer = https://tfs.codeplex.com/tfs/tfs24
		SccLocalPath0 = .
		SccProjectUniqueName1 = MsCrmTools.AttributeBulkUpdater\\MsCrmTools.AttributeBulkUpdater.csproj
		SccProjectName1 = MsCrmTools.AttributeBulkUpdater
		SccLocalPath1 = MsCrmTools.AttributeBulkUpdater
		SccProjectUniqueName2 = MsCrmTools.Iconator\\MsCrmTools.Iconator.csproj
		SccProjectName2 = MsCrmTools.Iconator
		SccLocalPath2 = MsCrmTools.Iconator
		SccProjectUniqueName3 = MsCrmTools.RoleUpdater\\MsCrmTools.RoleUpdater.csproj
		SccProjectName3 = MsCrmTools.RoleUpdater
		SccLocalPath3 = MsCrmTools.RoleUpdater
		SccProjectUniqueName4 = MsCrmTools.SampleTool\\MsCrmTools.SampleTool.csproj
		SccProjectName4 = MsCrmTools.SampleTool
		SccLocalPath4 = MsCrmTools.SampleTool
		SccProjectUniqueName5 = MsCrmTools.ScriptsFinder\\MsCrmTools.ScriptsFinder.csproj
		SccProjectName5 = MsCrmTools.ScriptsFinder
		SccLocalPath5 = MsCrmTools.ScriptsFinder
		SccProjectUniqueName6 = MsCrmTools.SiteMapEditor\\MsCrmTools.SiteMapEditor.csproj
		SccProjectName6 = MsCrmTools.SiteMapEditor
		SccLocalPath6 = MsCrmTools.SiteMapEditor
		SccProjectUniqueName7 = MsCrmTools.SolutionImport\\MsCrmTools.SolutionImport.csproj
		SccProjectName7 = MsCrmTools.SolutionImport
		SccLocalPath7 = MsCrmTools.SolutionImport
		SccProjectUniqueName8 = MsCrmTools.ViewLayoutReplicator\\MsCrmTools.ViewLayoutReplicator.csproj
		SccProjectName8 = MsCrmTools.ViewLayoutReplicator
		SccLocalPath8 = MsCrmTools.ViewLayoutReplicator
		SccProjectUniqueName9 = MsCrmTools.WebResourcesManager\\MsCrmTools.WebResourcesManager.csproj
		SccProjectName9 = MsCrmTools.WebResourcesManager
		SccLocalPath9 = MsCrmTools.WebResourcesManager
		SccProjectUniqueName10 = XrmToolBox\\XrmToolBox.csproj
		SccProjectName10 = XrmToolBox
		SccLocalPath10 = XrmToolBox
		SccProjectUniqueName11 = MsCrmTools.FetchXmlTester\\MsCrmTools.FetchXmlTester.csproj
		SccProjectName11 = MsCrmTools.FetchXmlTester
		SccLocalPath11 = MsCrmTools.FetchXmlTester
		SccProjectUniqueName12 = MsCrmTools.AccessChecker\\MsCrmTools.AccessChecker.csproj
		SccProjectName12 = MsCrmTools.AccessChecker
		SccLocalPath12 = MsCrmTools.AccessChecker
		SccProjectUniqueName13 = MsCrmTools.PrivDiscover\\MsCrmTools.PrivDiscover.csproj
		SccProjectName13 = MsCrmTools.PrivDiscover
		SccLocalPath13 = MsCrmTools.PrivDiscover
		SccProjectUniqueName14 = MsCrmTools.MetadataDocumentGenerator\\MsCrmTools.MetadataDocumentGenerator.csproj
		SccProjectName14 = MsCrmTools.MetadataDocumentGenerator
		SccLocalPath14 = MsCrmTools.MetadataDocumentGenerator
		SccProjectUniqueName15 = DamSim.SolutionTransferTool\\DamSim.SolutionTransferTool.csproj
		SccProjectName15 = DamSim.SolutionTransferTool
		SccLocalPath15 = DamSim.SolutionTransferTool
		SccProjectUniqueName16 = MsCrmTools.Translator\\MsCrmTools.Translator.csproj
		SccProjectName16 = MsCrmTools.Translator
		SccLocalPath16 = MsCrmTools.Translator
		SccProjectUniqueName17 = Console.Test\\Console.Test.csproj
		SccProjectName17 = Console.Test
		SccLocalPath17 = Console.Test
		SccProjectUniqueName18 = MsCrmTools.AuditCenter\\MsCrmTools.AuditCenter.csproj
		SccProjectName18 = MsCrmTools.AuditCenter
		SccLocalPath18 = MsCrmTools.AuditCenter
		SccProjectUniqueName19 = MscrmTools.SyncFilterManager\\MscrmTools.SyncFilterManager.csproj
		SccProjectName19 = MscrmTools.SyncFilterManager
		SccLocalPath19 = MscrmTools.SyncFilterManager
		SccProjectUniqueName20 = MsCrmTools.FormParameterManager\\MsCrmTools.FormParameterManager.csproj
		SccProjectName20 = MsCrmTools.FormParameterManager
		SccLocalPath20 = MsCrmTools.FormParameterManager
		SccProjectUniqueName21 = Connection\u0020Projects\\McTools.Xrm.Connection\\McTools.Xrm.Connection.csproj
		SccProjectTopLevelParentUniqueName21 = XrmToolBox.sln
		SccProjectName21 = Connection\u0020Projects/McTools.Xrm.Connection
		SccLocalPath21 = Connection\u0020Projects\\McTools.Xrm.Connection
		SccProjectUniqueName22 = Connection\u0020Projects\\McTools.Xrm.Connection.Console\\McTools.Xrm.Connection.Console.csproj
		SccProjectTopLevelParentUniqueName22 = XrmToolBox.sln
		SccProjectName22 = Connection\u0020Projects/McTools.Xrm.Connection.Console
		SccLocalPath22 = Connection\u0020Projects\\McTools.Xrm.Connection.Console
		SccProjectUniqueName23 = Connection\u0020Projects\\McTools.Xrm.Connection.TestWinForm\\McTools.Xrm.Connection.TestWinForm.csproj
		SccProjectTopLevelParentUniqueName23 = XrmToolBox.sln
		SccProjectName23 = Connection\u0020Projects/McTools.Xrm.Connection.TestWinForm
		SccLocalPath23 = Connection\u0020Projects\\McTools.Xrm.Connection.TestWinForm
		SccProjectUniqueName24 = Connection\u0020Projects\\McTools.Xrm.Connection.WinForms\\McTools.Xrm.Connection.WinForms.csproj
		SccProjectTopLevelParentUniqueName24 = XrmToolBox.sln
		SccProjectName24 = Connection\u0020Projects/McTools.Xrm.Connection.WinForms
		SccLocalPath24 = Connection\u0020Projects\\McTools.Xrm.Connection.WinForms
	EndGlobalSection
	GlobalSection(SolutionConfigurationPlatforms) = preSolution
		Debug|Any CPU = Debug|Any CPU
		Debug|Mixed Platforms = Debug|Mixed Platforms
		Debug|x86 = Debug|x86
		Release|Any CPU = Release|Any CPU
		Release|Mixed Platforms = Release|Mixed Platforms
		Release|x86 = Release|x86
	EndGlobalSection
	GlobalSection(ProjectConfigurationPlatforms) = postSolution
		{328D55BE-8B9A-4087-A5C2-9FBAF623F54B}.Debug|Any CPU.ActiveCfg = Debug|Any CPU
		{328D55BE-8B9A-4087-A5C2-9FBAF623F54B}.Debug|Mixed Platforms.ActiveCfg = Debug|Any CPU
		{328D55BE-8B9A-4087-A5C2-9FBAF623F54B}.Debug|Mixed Platforms.Build.0 = Debug|Any CPU
		{328D55BE-8B9A-4087-A5C2-9FBAF623F54B}.Debug|x86.ActiveCfg = Debug|Any CPU
		{328D55BE-8B9A-4087-A5C2-9FBAF623F54B}.Release|Any CPU.ActiveCfg = Release|Any CPU
		{328D55BE-8B9A-4087-A5C2-9FBAF623F54B}.Release|Any CPU.Build.0 = Release|Any CPU
		{328D55BE-8B9A-4087-A5C2-9FBAF623F54B}.Release|Mixed Platforms.ActiveCfg = Release|Any CPU
		{328D55BE-8B9A-4087-A5C2-9FBAF623F54B}.Release|Mixed Platforms.Build.0 = Release|Any CPU
		{328D55BE-8B9A-4087-A5C2-9FBAF623F54B}.Release|x86.ActiveCfg = Release|Any CPU
		{5DD2E91B-6431-4391-AC45-205BD1B67818}.Debug|Any CPU.ActiveCfg = Debug|Any CPU
		{5DD2E91B-6431-4391-AC45-205BD1B67818}.Debug|Any CPU.Build.0 = Debug|Any CPU
		{5DD2E91B-6431-4391-AC45-205BD1B67818}.Debug|Mixed Platforms.ActiveCfg = Debug|Any CPU
		{5DD2E91B-6431-4391-AC45-205BD1B67818}.Debug|Mixed Platforms.Build.0 = Debug|Any CPU
		{5DD2E91B-6431-4391-AC45-205BD1B67818}.Debug|x86.ActiveCfg = Debug|Any CPU
		{5DD2E91B-6431-4391-AC45-205BD1B67818}.Release|Any CPU.ActiveCfg = Release|Any CPU
		{5DD2E91B-6431-4391-AC45-205BD1B67818}.Release|Any CPU.Build.0 = Release|Any CPU
		{5DD2E91B-6431-4391-AC45-205BD1B67818}.Release|Mixed Platforms.ActiveCfg = Release|Any CPU
		{5DD2E91B-6431-4391-AC45-205BD1B67818}.Release|Mixed Platforms.Build.0 = Release|Any CPU
		{5DD2E91B-6431-4391-AC45-205BD1B67818}.Release|x86.ActiveCfg = Release|Any CPU
		{A2A4C130-454A-4F40-9B06-8CD77CC557D6}.Debug|Any CPU.ActiveCfg = Debug|Any CPU
		{A2A4C130-454A-4F40-9B06-8CD77CC557D6}.Debug|Any CPU.Build.0 = Debug|Any CPU
		{A2A4C130-454A-4F40-9B06-8CD77CC557D6}.Debug|Mixed Platforms.ActiveCfg = Debug|Any CPU
		{A2A4C130-454A-4F40-9B06-8CD77CC557D6}.Debug|Mixed Platforms.Build.0 = Debug|Any CPU
		{A2A4C130-454A-4F40-9B06-8CD77CC557D6}.Debug|x86.ActiveCfg = Debug|Any CPU
		{A2A4C130-454A-4F40-9B06-8CD77CC557D6}.Release|Any CPU.ActiveCfg = Release|Any CPU
		{A2A4C130-454A-4F40-9B06-8CD77CC557D6}.Release|Any CPU.Build.0 = Release|Any CPU
		{A2A4C130-454A-4F40-9B06-8CD77CC557D6}.Release|Mixed Platforms.ActiveCfg = Release|Any CPU
		{A2A4C130-454A-4F40-9B06-8CD77CC557D6}.Release|Mixed Platforms.Build.0 = Release|Any CPU
		{A2A4C130-454A-4F40-9B06-8CD77CC557D6}.Release|x86.ActiveCfg = Release|Any CPU
		{4C976A6C-F6A2-4E58-B52C-5CF701C97E50}.Debug|Any CPU.ActiveCfg = Debug|Any CPU
		{4C976A6C-F6A2-4E58-B52C-5CF701C97E50}.Debug|Any CPU.Build.0 = Debug|Any CPU
		{4C976A6C-F6A2-4E58-B52C-5CF701C97E50}.Debug|Mixed Platforms.ActiveCfg = Debug|Any CPU
		{4C976A6C-F6A2-4E58-B52C-5CF701C97E50}.Debug|Mixed Platforms.Build.0 = Debug|Any CPU
		{4C976A6C-F6A2-4E58-B52C-5CF701C97E50}.Debug|x86.ActiveCfg = Debug|Any CPU
		{4C976A6C-F6A2-4E58-B52C-5CF701C97E50}.Release|Any CPU.ActiveCfg = Release|Any CPU
		{4C976A6C-F6A2-4E58-B52C-5CF701C97E50}.Release|Any CPU.Build.0 = Release|Any CPU
		{4C976A6C-F6A2-4E58-B52C-5CF701C97E50}.Release|Mixed Platforms.ActiveCfg = Release|Any CPU
		{4C976A6C-F6A2-4E58-B52C-5CF701C97E50}.Release|Mixed Platforms.Build.0 = Release|Any CPU
		{4C976A6C-F6A2-4E58-B52C-5CF701C97E50}.Release|x86.ActiveCfg = Release|Any CPU
		{693DDB30-8E8E-43E9-AE13-EE2010F46C96}.Debug|Any CPU.ActiveCfg = Debug|Any CPU
		{693DDB30-8E8E-43E9-AE13-EE2010F46C96}.Debug|Any CPU.Build.0 = Debug|Any CPU
		{693DDB30-8E8E-43E9-AE13-EE2010F46C96}.Debug|Mixed Platforms.ActiveCfg = Debug|Any CPU
		{693DDB30-8E8E-43E9-AE13-EE2010F46C96}.Debug|Mixed Platforms.Build.0 = Debug|Any CPU
		{693DDB30-8E8E-43E9-AE13-EE2010F46C96}.Debug|x86.ActiveCfg = Debug|Any CPU
		{693DDB30-8E8E-43E9-AE13-EE2010F46C96}.Release|Any CPU.ActiveCfg = Release|Any CPU
		{693DDB30-8E8E-43E9-AE13-EE2010F46C96}.Release|Any CPU.Build.0 = Release|Any CPU
		{693DDB30-8E8E-43E9-AE13-EE2010F46C96}.Release|Mixed Platforms.ActiveCfg = Release|Any CPU
		{693DDB30-8E8E-43E9-AE13-EE2010F46C96}.Release|Mixed Platforms.Build.0 = Release|Any CPU
		{693DDB30-8E8E-43E9-AE13-EE2010F46C96}.Release|x86.ActiveCfg = Release|Any CPU
		{838CD437-FEC6-478F-A5CB-8DA6E60E70C9}.Debug|Any CPU.ActiveCfg = Debug|Any CPU
		{838CD437-FEC6-478F-A5CB-8DA6E60E70C9}.Debug|Any CPU.Build.0 = Debug|Any CPU
		{838CD437-FEC6-478F-A5CB-8DA6E60E70C9}.Debug|Mixed Platforms.ActiveCfg = Debug|Any CPU
		{838CD437-FEC6-478F-A5CB-8DA6E60E70C9}.Debug|Mixed Platforms.Build.0 = Debug|Any CPU
		{838CD437-FEC6-478F-A5CB-8DA6E60E70C9}.Debug|x86.ActiveCfg = Debug|Any CPU
		{838CD437-FEC6-478F-A5CB-8DA6E60E70C9}.Release|Any CPU.ActiveCfg = Release|Any CPU
		{838CD437-FEC6-478F-A5CB-8DA6E60E70C9}.Release|Any CPU.Build.0 = Release|Any CPU
		{838CD437-FEC6-478F-A5CB-8DA6E60E70C9}.Release|Mixed Platforms.ActiveCfg = Release|Any CPU
		{838CD437-FEC6-478F-A5CB-8DA6E60E70C9}.Release|Mixed Platforms.Build.0 = Release|Any CPU
		{838CD437-FEC6-478F-A5CB-8DA6E60E70C9}.Release|x86.ActiveCfg = Release|Any CPU
		{71737D43-3B0A-4709-93F2-ED9C62C836B3}.Debug|Any CPU.ActiveCfg = Debug|Any CPU
		{71737D43-3B0A-4709-93F2-ED9C62C836B3}.Debug|Any CPU.Build.0 = Debug|Any CPU
		{71737D43-3B0A-4709-93F2-ED9C62C836B3}.Debug|Mixed Platforms.ActiveCfg = Debug|Any CPU
		{71737D43-3B0A-4709-93F2-ED9C62C836B3}.Debug|Mixed Platforms.Build.0 = Debug|Any CPU
		{71737D43-3B0A-4709-93F2-ED9C62C836B3}.Debug|x86.ActiveCfg = Debug|Any CPU
		{71737D43-3B0A-4709-93F2-ED9C62C836B3}.Release|Any CPU.ActiveCfg = Release|Any CPU
		{71737D43-3B0A-4709-93F2-ED9C62C836B3}.Release|Any CPU.Build.0 = Release|Any CPU
		{71737D43-3B0A-4709-93F2-ED9C62C836B3}.Release|Mixed Platforms.ActiveCfg = Release|Any CPU
		{71737D43-3B0A-4709-93F2-ED9C62C836B3}.Release|Mixed Platforms.Build.0 = Release|Any CPU
		{71737D43-3B0A-4709-93F2-ED9C62C836B3}.Release|x86.ActiveCfg = Release|Any CPU
		{5BF1E228-F898-40CF-B8FB-8412D8C81CFF}.Debug|Any CPU.ActiveCfg = Debug|Any CPU
		{5BF1E228-F898-40CF-B8FB-8412D8C81CFF}.Debug|Any CPU.Build.0 = Debug|Any CPU
		{5BF1E228-F898-40CF-B8FB-8412D8C81CFF}.Debug|Mixed Platforms.ActiveCfg = Debug|Any CPU
		{5BF1E228-F898-40CF-B8FB-8412D8C81CFF}.Debug|Mixed Platforms.Build.0 = Debug|Any CPU
		{5BF1E228-F898-40CF-B8FB-8412D8C81CFF}.Debug|x86.ActiveCfg = Debug|Any CPU
		{5BF1E228-F898-40CF-B8FB-8412D8C81CFF}.Release|Any CPU.ActiveCfg = Release|Any CPU
		{5BF1E228-F898-40CF-B8FB-8412D8C81CFF}.Release|Any CPU.Build.0 = Release|Any CPU
		{5BF1E228-F898-40CF-B8FB-8412D8C81CFF}.Release|Mixed Platforms.ActiveCfg = Release|Any CPU
		{5BF1E228-F898-40CF-B8FB-8412D8C81CFF}.Release|Mixed Platforms.Build.0 = Release|Any CPU
		{5BF1E228-F898-40CF-B8FB-8412D8C81CFF}.Release|x86.ActiveCfg = Release|Any CPU
		{33322CD9-27B3-4C2F-BFC4-D44EEFE8A976}.Debug|Any CPU.ActiveCfg = Debug|Any CPU
		{33322CD9-27B3-4C2F-BFC4-D44EEFE8A976}.Debug|Any CPU.Build.0 = Debug|Any CPU
		{33322CD9-27B3-4C2F-BFC4-D44EEFE8A976}.Debug|Mixed Platforms.ActiveCfg = Debug|Any CPU
		{33322CD9-27B3-4C2F-BFC4-D44EEFE8A976}.Debug|Mixed Platforms.Build.0 = Debug|Any CPU
		{33322CD9-27B3-4C2F-BFC4-D44EEFE8A976}.Debug|x86.ActiveCfg = Debug|Any CPU
		{33322CD9-27B3-4C2F-BFC4-D44EEFE8A976}.Release|Any CPU.ActiveCfg = Release|Any CPU
		{33322CD9-27B3-4C2F-BFC4-D44EEFE8A976}.Release|Any CPU.Build.0 = Release|Any CPU
		{33322CD9-27B3-4C2F-BFC4-D44EEFE8A976}.Release|Mixed Platforms.ActiveCfg = Release|Any CPU
		{33322CD9-27B3-4C2F-BFC4-D44EEFE8A976}.Release|Mixed Platforms.Build.0 = Release|Any CPU
		{33322CD9-27B3-4C2F-BFC4-D44EEFE8A976}.Release|x86.ActiveCfg = Release|Any CPU
		{22CDF25B-D751-4ABC-BFA2-EC754C9937EF}.Debug|Any CPU.ActiveCfg = Debug|Any CPU
		{22CDF25B-D751-4ABC-BFA2-EC754C9937EF}.Debug|Any CPU.Build.0 = Debug|Any CPU
		{22CDF25B-D751-4ABC-BFA2-EC754C9937EF}.Debug|Mixed Platforms.ActiveCfg = Debug|Any CPU
		{22CDF25B-D751-4ABC-BFA2-EC754C9937EF}.Debug|Mixed Platforms.Build.0 = Debug|Any CPU
		{22CDF25B-D751-4ABC-BFA2-EC754C9937EF}.Debug|x86.ActiveCfg = Debug|Any CPU
		{22CDF25B-D751-4ABC-BFA2-EC754C9937EF}.Release|Any CPU.ActiveCfg = Release|Any CPU
		{22CDF25B-D751-4ABC-BFA2-EC754C9937EF}.Release|Any CPU.Build.0 = Release|Any CPU
		{22CDF25B-D751-4ABC-BFA2-EC754C9937EF}.Release|Mixed Platforms.ActiveCfg = Release|Any CPU
		{22CDF25B-D751-4ABC-BFA2-EC754C9937EF}.Release|Mixed Platforms.Build.0 = Release|Any CPU
		{22CDF25B-D751-4ABC-BFA2-EC754C9937EF}.Release|x86.ActiveCfg = Release|Any CPU
		{1DB58FD6-CCF8-458F-9941-312CDFB45EFA}.Debug|Any CPU.ActiveCfg = Debug|Any CPU
		{1DB58FD6-CCF8-458F-9941-312CDFB45EFA}.Debug|Any CPU.Build.0 = Debug|Any CPU
		{1DB58FD6-CCF8-458F-9941-312CDFB45EFA}.Debug|Mixed Platforms.ActiveCfg = Debug|Any CPU
		{1DB58FD6-CCF8-458F-9941-312CDFB45EFA}.Debug|Mixed Platforms.Build.0 = Debug|Any CPU
		{1DB58FD6-CCF8-458F-9941-312CDFB45EFA}.Debug|x86.ActiveCfg = Debug|Any CPU
		{1DB58FD6-CCF8-458F-9941-312CDFB45EFA}.Release|Any CPU.ActiveCfg = Release|Any CPU
		{1DB58FD6-CCF8-458F-9941-312CDFB45EFA}.Release|Any CPU.Build.0 = Release|Any CPU
		{1DB58FD6-CCF8-458F-9941-312CDFB45EFA}.Release|Mixed Platforms.ActiveCfg = Release|Any CPU
		{1DB58FD6-CCF8-458F-9941-312CDFB45EFA}.Release|Mixed Platforms.Build.0 = Release|Any CPU
		{1DB58FD6-CCF8-458F-9941-312CDFB45EFA}.Release|x86.ActiveCfg = Release|Any CPU
		{72762706-441B-4F44-9A51-2FCEA95E1F31}.Debug|Any CPU.ActiveCfg = Debug|Any CPU
		{72762706-441B-4F44-9A51-2FCEA95E1F31}.Debug|Any CPU.Build.0 = Debug|Any CPU
		{72762706-441B-4F44-9A51-2FCEA95E1F31}.Debug|Mixed Platforms.ActiveCfg = Debug|Any CPU
		{72762706-441B-4F44-9A51-2FCEA95E1F31}.Debug|Mixed Platforms.Build.0 = Debug|Any CPU
		{72762706-441B-4F44-9A51-2FCEA95E1F31}.Debug|x86.ActiveCfg = Debug|Any CPU
		{72762706-441B-4F44-9A51-2FCEA95E1F31}.Release|Any CPU.ActiveCfg = Release|Any CPU
		{72762706-441B-4F44-9A51-2FCEA95E1F31}.Release|Any CPU.Build.0 = Release|Any CPU
		{72762706-441B-4F44-9A51-2FCEA95E1F31}.Release|Mixed Platforms.ActiveCfg = Release|Any CPU
		{72762706-441B-4F44-9A51-2FCEA95E1F31}.Release|Mixed Platforms.Build.0 = Release|Any CPU
		{72762706-441B-4F44-9A51-2FCEA95E1F31}.Release|x86.ActiveCfg = Release|Any CPU
		{BF5E84F9-91B6-4849-8321-6C9D6B9CE9AA}.Debug|Any CPU.ActiveCfg = Debug|Any CPU
		{BF5E84F9-91B6-4849-8321-6C9D6B9CE9AA}.Debug|Any CPU.Build.0 = Debug|Any CPU
		{BF5E84F9-91B6-4849-8321-6C9D6B9CE9AA}.Debug|Mixed Platforms.ActiveCfg = Debug|Any CPU
		{BF5E84F9-91B6-4849-8321-6C9D6B9CE9AA}.Debug|Mixed Platforms.Build.0 = Debug|Any CPU
		{BF5E84F9-91B6-4849-8321-6C9D6B9CE9AA}.Debug|x86.ActiveCfg = Debug|Any CPU
		{BF5E84F9-91B6-4849-8321-6C9D6B9CE9AA}.Release|Any CPU.ActiveCfg = Release|Any CPU
		{BF5E84F9-91B6-4849-8321-6C9D6B9CE9AA}.Release|Any CPU.Build.0 = Release|Any CPU
		{BF5E84F9-91B6-4849-8321-6C9D6B9CE9AA}.Release|Mixed Platforms.ActiveCfg = Release|Any CPU
		{BF5E84F9-91B6-4849-8321-6C9D6B9CE9AA}.Release|Mixed Platforms.Build.0 = Release|Any CPU
		{BF5E84F9-91B6-4849-8321-6C9D6B9CE9AA}.Release|x86.ActiveCfg = Release|Any CPU
		{AEB54313-C622-49F4-8D9A-2D75BFA54901}.Debug|Any CPU.ActiveCfg = Debug|Any CPU
		{AEB54313-C622-49F4-8D9A-2D75BFA54901}.Debug|Any CPU.Build.0 = Debug|Any CPU
		{AEB54313-C622-49F4-8D9A-2D75BFA54901}.Debug|Mixed Platforms.ActiveCfg = Debug|Any CPU
		{AEB54313-C622-49F4-8D9A-2D75BFA54901}.Debug|Mixed Platforms.Build.0 = Debug|Any CPU
		{AEB54313-C622-49F4-8D9A-2D75BFA54901}.Debug|x86.ActiveCfg = Debug|Any CPU
		{AEB54313-C622-49F4-8D9A-2D75BFA54901}.Release|Any CPU.ActiveCfg = Release|Any CPU
		{AEB54313-C622-49F4-8D9A-2D75BFA54901}.Release|Any CPU.Build.0 = Release|Any CPU
		{AEB54313-C622-49F4-8D9A-2D75BFA54901}.Release|Mixed Platforms.ActiveCfg = Release|Any CPU
		{AEB54313-C622-49F4-8D9A-2D75BFA54901}.Release|Mixed Platforms.Build.0 = Release|Any CPU
		{AEB54313-C622-49F4-8D9A-2D75BFA54901}.Release|x86.ActiveCfg = Release|Any CPU
		{2DA068AE-5B32-46B4-864D-0D8507A6D981}.Debug|Any CPU.ActiveCfg = Debug|Any CPU
		{2DA068AE-5B32-46B4-864D-0D8507A6D981}.Debug|Any CPU.Build.0 = Debug|Any CPU
		{2DA068AE-5B32-46B4-864D-0D8507A6D981}.Debug|Mixed Platforms.ActiveCfg = Debug|Any CPU
		{2DA068AE-5B32-46B4-864D-0D8507A6D981}.Debug|Mixed Platforms.Build.0 = Debug|Any CPU
		{2DA068AE-5B32-46B4-864D-0D8507A6D981}.Debug|x86.ActiveCfg = Debug|Any CPU
		{2DA068AE-5B32-46B4-864D-0D8507A6D981}.Release|Any CPU.ActiveCfg = Release|Any CPU
		{2DA068AE-5B32-46B4-864D-0D8507A6D981}.Release|Any CPU.Build.0 = Release|Any CPU
		{2DA068AE-5B32-46B4-864D-0D8507A6D981}.Release|Mixed Platforms.ActiveCfg = Release|Any CPU
		{2DA068AE-5B32-46B4-864D-0D8507A6D981}.Release|Mixed Platforms.Build.0 = Release|Any CPU
		{2DA068AE-5B32-46B4-864D-0D8507A6D981}.Release|x86.ActiveCfg = Release|Any CPU
		{E8A13109-B078-407A-9F6C-3711672770E2}.Debug|Any CPU.ActiveCfg = Debug|Any CPU
		{E8A13109-B078-407A-9F6C-3711672770E2}.Debug|Any CPU.Build.0 = Debug|Any CPU
		{E8A13109-B078-407A-9F6C-3711672770E2}.Debug|Mixed Platforms.ActiveCfg = Debug|Any CPU
		{E8A13109-B078-407A-9F6C-3711672770E2}.Debug|Mixed Platforms.Build.0 = Debug|Any CPU
		{E8A13109-B078-407A-9F6C-3711672770E2}.Debug|x86.ActiveCfg = Debug|Any CPU
		{E8A13109-B078-407A-9F6C-3711672770E2}.Release|Any CPU.ActiveCfg = Release|Any CPU
		{E8A13109-B078-407A-9F6C-3711672770E2}.Release|Any CPU.Build.0 = Release|Any CPU
		{E8A13109-B078-407A-9F6C-3711672770E2}.Release|Mixed Platforms.ActiveCfg = Release|Any CPU
		{E8A13109-B078-407A-9F6C-3711672770E2}.Release|Mixed Platforms.Build.0 = Release|Any CPU
		{E8A13109-B078-407A-9F6C-3711672770E2}.Release|x86.ActiveCfg = Release|Any CPU
		{7D7B8DFB-A4FC-4249-BE09-666039D53375}.Debug|Any CPU.ActiveCfg = Debug|Any CPU
		{7D7B8DFB-A4FC-4249-BE09-666039D53375}.Debug|Any CPU.Build.0 = Debug|Any CPU
		{7D7B8DFB-A4FC-4249-BE09-666039D53375}.Debug|Mixed Platforms.ActiveCfg = Debug|Any CPU
		{7D7B8DFB-A4FC-4249-BE09-666039D53375}.Debug|Mixed Platforms.Build.0 = Debug|Any CPU
		{7D7B8DFB-A4FC-4249-BE09-666039D53375}.Debug|x86.ActiveCfg = Debug|Any CPU
		{7D7B8DFB-A4FC-4249-BE09-666039D53375}.Release|Any CPU.ActiveCfg = Release|Any CPU
		{7D7B8DFB-A4FC-4249-BE09-666039D53375}.Release|Any CPU.Build.0 = Release|Any CPU
		{7D7B8DFB-A4FC-4249-BE09-666039D53375}.Release|Mixed Platforms.ActiveCfg = Release|Any CPU
		{7D7B8DFB-A4FC-4249-BE09-666039D53375}.Release|Mixed Platforms.Build.0 = Release|Any CPU
		{7D7B8DFB-A4FC-4249-BE09-666039D53375}.Release|x86.ActiveCfg = Release|Any CPU
		{B5C2C54B-804E-403E-80B1-97A1564CAE84}.Debug|Any CPU.ActiveCfg = Debug|Any CPU
		{B5C2C54B-804E-403E-80B1-97A1564CAE84}.Debug|Any CPU.Build.0 = Debug|Any CPU
		{B5C2C54B-804E-403E-80B1-97A1564CAE84}.Debug|Mixed Platforms.ActiveCfg = Debug|Any CPU
		{B5C2C54B-804E-403E-80B1-97A1564CAE84}.Debug|Mixed Platforms.Build.0 = Debug|Any CPU
		{B5C2C54B-804E-403E-80B1-97A1564CAE84}.Debug|x86.ActiveCfg = Debug|Any CPU
		{B5C2C54B-804E-403E-80B1-97A1564CAE84}.Release|Any CPU.ActiveCfg = Release|Any CPU
		{B5C2C54B-804E-403E-80B1-97A1564CAE84}.Release|Any CPU.Build.0 = Release|Any CPU
		{B5C2C54B-804E-403E-80B1-97A1564CAE84}.Release|Mixed Platforms.ActiveCfg = Release|Any CPU
		{B5C2C54B-804E-403E-80B1-97A1564CAE84}.Release|Mixed Platforms.Build.0 = Release|Any CPU
		{B5C2C54B-804E-403E-80B1-97A1564CAE84}.Release|x86.ActiveCfg = Release|Any CPU
		{31D65FA3-20B7-41FC-89AA-F9EC30D5E574}.Debug|Any CPU.ActiveCfg = Debug|Any CPU
		{31D65FA3-20B7-41FC-89AA-F9EC30D5E574}.Debug|Any CPU.Build.0 = Debug|Any CPU
		{31D65FA3-20B7-41FC-89AA-F9EC30D5E574}.Debug|Mixed Platforms.ActiveCfg = Debug|Any CPU
		{31D65FA3-20B7-41FC-89AA-F9EC30D5E574}.Debug|Mixed Platforms.Build.0 = Debug|Any CPU
		{31D65FA3-20B7-41FC-89AA-F9EC30D5E574}.Debug|x86.ActiveCfg = Debug|Any CPU
		{31D65FA3-20B7-41FC-89AA-F9EC30D5E574}.Release|Any CPU.ActiveCfg = Release|Any CPU
		{31D65FA3-20B7-41FC-89AA-F9EC30D5E574}.Release|Any CPU.Build.0 = Release|Any CPU
		{31D65FA3-20B7-41FC-89AA-F9EC30D5E574}.Release|Mixed Platforms.ActiveCfg = Release|Any CPU
		{31D65FA3-20B7-41FC-89AA-F9EC30D5E574}.Release|Mixed Platforms.Build.0 = Release|Any CPU
		{31D65FA3-20B7-41FC-89AA-F9EC30D5E574}.Release|x86.ActiveCfg = Release|Any CPU
		{8BF3FA24-62A9-44EF-A76B-ADB092E86514}.Debug|Any CPU.ActiveCfg = Debug|Any CPU
		{8BF3FA24-62A9-44EF-A76B-ADB092E86514}.Debug|Any CPU.Build.0 = Debug|Any CPU
		{8BF3FA24-62A9-44EF-A76B-ADB092E86514}.Debug|Mixed Platforms.ActiveCfg = Debug|Any CPU
		{8BF3FA24-62A9-44EF-A76B-ADB092E86514}.Debug|Mixed Platforms.Build.0 = Debug|Any CPU
		{8BF3FA24-62A9-44EF-A76B-ADB092E86514}.Debug|x86.ActiveCfg = Debug|Any CPU
		{8BF3FA24-62A9-44EF-A76B-ADB092E86514}.Release|Any CPU.ActiveCfg = Release|Any CPU
		{8BF3FA24-62A9-44EF-A76B-ADB092E86514}.Release|Any CPU.Build.0 = Release|Any CPU
		{8BF3FA24-62A9-44EF-A76B-ADB092E86514}.Release|Mixed Platforms.ActiveCfg = Release|Any CPU
		{8BF3FA24-62A9-44EF-A76B-ADB092E86514}.Release|Mixed Platforms.Build.0 = Release|Any CPU
		{8BF3FA24-62A9-44EF-A76B-ADB092E86514}.Release|x86.ActiveCfg = Release|Any CPU
		{C3824C2C-6E2E-4FDE-A2AA-229BBC7C3B1F}.Debug|Any CPU.ActiveCfg = Debug|Any CPU
		{C3824C2C-6E2E-4FDE-A2AA-229BBC7C3B1F}.Debug|Any CPU.Build.0 = Debug|Any CPU
		{C3824C2C-6E2E-4FDE-A2AA-229BBC7C3B1F}.Debug|Mixed Platforms.ActiveCfg = Debug|Any CPU
		{C3824C2C-6E2E-4FDE-A2AA-229BBC7C3B1F}.Debug|Mixed Platforms.Build.0 = Debug|Any CPU
		{C3824C2C-6E2E-4FDE-A2AA-229BBC7C3B1F}.Debug|x86.ActiveCfg = Debug|Any CPU
		{C3824C2C-6E2E-4FDE-A2AA-229BBC7C3B1F}.Release|Any CPU.ActiveCfg = Release|Any CPU
		{C3824C2C-6E2E-4FDE-A2AA-229BBC7C3B1F}.Release|Any CPU.Build.0 = Release|Any CPU
		{C3824C2C-6E2E-4FDE-A2AA-229BBC7C3B1F}.Release|Mixed Platforms.ActiveCfg = Release|Any CPU
		{C3824C2C-6E2E-4FDE-A2AA-229BBC7C3B1F}.Release|Mixed Platforms.Build.0 = Release|Any CPU
		{C3824C2C-6E2E-4FDE-A2AA-229BBC7C3B1F}.Release|x86.ActiveCfg = Release|Any CPU
		{D1F6E3FC-93D5-43C1-9465-25231BCC93BF}.Debug|Any CPU.ActiveCfg = Debug|x86
		{D1F6E3FC-93D5-43C1-9465-25231BCC93BF}.Debug|Mixed Platforms.ActiveCfg = Debug|x86
		{D1F6E3FC-93D5-43C1-9465-25231BCC93BF}.Debug|Mixed Platforms.Build.0 = Debug|x86
		{D1F6E3FC-93D5-43C1-9465-25231BCC93BF}.Debug|x86.ActiveCfg = Debug|x86
		{D1F6E3FC-93D5-43C1-9465-25231BCC93BF}.Debug|x86.Build.0 = Debug|x86
		{D1F6E3FC-93D5-43C1-9465-25231BCC93BF}.Release|Any CPU.ActiveCfg = Release|x86
		{D1F6E3FC-93D5-43C1-9465-25231BCC93BF}.Release|Mixed Platforms.ActiveCfg = Release|x86
		{D1F6E3FC-93D5-43C1-9465-25231BCC93BF}.Release|Mixed Platforms.Build.0 = Release|x86
		{D1F6E3FC-93D5-43C1-9465-25231BCC93BF}.Release|x86.ActiveCfg = Release|x86
		{D1F6E3FC-93D5-43C1-9465-25231BCC93BF}.Release|x86.Build.0 = Release|x86
		{5093677C-F49B-4249-BEC1-E117E62255AD}.Debug|Any CPU.ActiveCfg = Debug|x86
		{5093677C-F49B-4249-BEC1-E117E62255AD}.Debug|Mixed Platforms.ActiveCfg = Debug|x86
		{5093677C-F49B-4249-BEC1-E117E62255AD}.Debug|Mixed Platforms.Build.0 = Debug|x86
		{5093677C-F49B-4249-BEC1-E117E62255AD}.Debug|x86.ActiveCfg = Debug|x86
		{5093677C-F49B-4249-BEC1-E117E62255AD}.Debug|x86.Build.0 = Debug|x86
		{5093677C-F49B-4249-BEC1-E117E62255AD}.Release|Any CPU.ActiveCfg = Release|x86
		{5093677C-F49B-4249-BEC1-E117E62255AD}.Release|Mixed Platforms.ActiveCfg = Release|x86
		{5093677C-F49B-4249-BEC1-E117E62255AD}.Release|Mixed Platforms.Build.0 = Release|x86
		{5093677C-F49B-4249-BEC1-E117E62255AD}.Release|x86.ActiveCfg = Release|x86
		{5093677C-F49B-4249-BEC1-E117E62255AD}.Release|x86.Build.0 = Release|x86
		{EEB5C09F-CEC6-4FB5-87B5-AE61AE89C9EB}.Debug|Any CPU.ActiveCfg = Debug|Any CPU
		{EEB5C09F-CEC6-4FB5-87B5-AE61AE89C9EB}.Debug|Any CPU.Build.0 = Debug|Any CPU
		{EEB5C09F-CEC6-4FB5-87B5-AE61AE89C9EB}.Debug|Mixed Platforms.ActiveCfg = Debug|Any CPU
		{EEB5C09F-CEC6-4FB5-87B5-AE61AE89C9EB}.Debug|Mixed Platforms.Build.0 = Debug|Any CPU
		{EEB5C09F-CEC6-4FB5-87B5-AE61AE89C9EB}.Debug|x86.ActiveCfg = Debug|Any CPU
		{EEB5C09F-CEC6-4FB5-87B5-AE61AE89C9EB}.Release|Any CPU.ActiveCfg = Release|Any CPU
		{EEB5C09F-CEC6-4FB5-87B5-AE61AE89C9EB}.Release|Any CPU.Build.0 = Release|Any CPU
		{EEB5C09F-CEC6-4FB5-87B5-AE61AE89C9EB}.Release|Mixed Platforms.ActiveCfg = Release|Any CPU
		{EEB5C09F-CEC6-4FB5-87B5-AE61AE89C9EB}.Release|Mixed Platforms.Build.0 = Release|Any CPU
		{EEB5C09F-CEC6-4FB5-87B5-AE61AE89C9EB}.Release|x86.ActiveCfg = Release|Any CPU
	EndGlobalSection
	GlobalSection(SolutionProperties) = preSolution
		HideSolutionNode = FALSE
	EndGlobalSection
	GlobalSection(NestedProjects) = preSolution
		{C3824C2C-6E2E-4FDE-A2AA-229BBC7C3B1F} = {B6637A1A-E79E-48EF-8724-1ACE99142A8A}
		{D1F6E3FC-93D5-43C1-9465-25231BCC93BF} = {B6637A1A-E79E-48EF-8724-1ACE99142A8A}
		{5093677C-F49B-4249-BEC1-E117E62255AD} = {B6637A1A-E79E-48EF-8724-1ACE99142A8A}
		{EEB5C09F-CEC6-4FB5-87B5-AE61AE89C9EB} = {B6637A1A-E79E-48EF-8724-1ACE99142A8A}
	EndGlobalSection
EndGlobal
